{
  "version": 4,
  "terraform_version": "1.10.5",
  "serial": 63,
  "lineage": "dff3a4cc-521b-8361-95bb-5fac916a7889",
  "outputs": {
    "docker_build_and_push_commands": {
      "value": "# Get login token\naws ecr get-login-password --region us-east-2 | docker login --username AWS --password-stdin 184655271045.dkr.ecr.us-east-2.amazonaws.com/basic-item-crud-dev\n    \n# Build image\ndocker build -t basic-item-crud-dev .\n    \n# Tag image\ndocker tag basic-item-crud-dev:latest 184655271045.dkr.ecr.us-east-2.amazonaws.com/basic-item-crud-dev:latest\n    \n# Push image\ndocker push 184655271045.dkr.ecr.us-east-2.amazonaws.com/basic-item-crud-dev:latest\n",
      "type": "string"
    },
    "ecr_repository_url": {
      "value": "184655271045.dkr.ecr.us-east-2.amazonaws.com/basic-item-crud-dev",
      "type": "string"
    }
  },
  "resources": [
    {
      "mode": "managed",
      "type": "aws_ecr_lifecycle_policy",
      "name": "main",
      "provider": "provider[\"registry.terraform.io/hashicorp/aws\"]",
      "instances": [
        {
          "schema_version": 0,
          "attributes": {
            "id": "basic-item-crud-dev",
            "policy": "{\"rules\":[{\"action\":{\"type\":\"expire\"},\"description\":\"Keep last 10 images\",\"rulePriority\":1,\"selection\":{\"countNumber\":10,\"countType\":\"imageCountMoreThan\",\"tagPrefixList\":[\"v\"],\"tagStatus\":\"tagged\"}},{\"action\":{\"type\":\"expire\"},\"description\":\"Delete untagged images older than 1 day\",\"rulePriority\":2,\"selection\":{\"countNumber\":1,\"countType\":\"sinceImagePushed\",\"countUnit\":\"days\",\"tagStatus\":\"untagged\"}}]}",
            "registry_id": "184655271045",
            "repository": "basic-item-crud-dev"
          },
          "sensitive_attributes": [],
          "private": "bnVsbA==",
          "dependencies": [
            "aws_ecr_repository.main"
          ]
        }
      ]
    },
    {
      "mode": "managed",
      "type": "aws_ecr_repository",
      "name": "main",
      "provider": "provider[\"registry.terraform.io/hashicorp/aws\"]",
      "instances": [
        {
          "schema_version": 0,
          "attributes": {
            "arn": "arn:aws:ecr:us-east-2:184655271045:repository/basic-item-crud-dev",
            "encryption_configuration": [
              {
                "encryption_type": "AES256",
                "kms_key": ""
              }
            ],
            "force_delete": null,
            "id": "basic-item-crud-dev",
            "image_scanning_configuration": [
              {
                "scan_on_push": true
              }
            ],
            "image_tag_mutability": "MUTABLE",
            "name": "basic-item-crud-dev",
            "registry_id": "184655271045",
            "repository_url": "184655271045.dkr.ecr.us-east-2.amazonaws.com/basic-item-crud-dev",
            "tags": {
              "Environment": "dev",
              "ManagedBy": "terraform",
              "Owner": "your-name",
              "Project": "Basic Item CRUD"
            },
            "tags_all": {
              "Environment": "dev",
              "ManagedBy": "terraform",
              "Owner": "your-name",
              "Project": "Basic Item CRUD"
            },
            "timeouts": null
          },
          "sensitive_attributes": [],
          "private": "eyJlMmJmYjczMC1lY2FhLTExZTYtOGY4OC0zNDM2M2JjN2M0YzAiOnsiZGVsZXRlIjoxMjAwMDAwMDAwMDAwfX0=",
          "create_before_destroy": true
        }
      ]
    }
  ],
  "check_results": null
}
