{
  "version": 4,
  "terraform_version": "1.10.5",
  "serial": 314,
  "lineage": "585ed8d8-1ec9-c81b-22e9-1f08896d4b70",
  "outputs": {
    "api_gateway_invoke_url": {
      "value": "https://oh98k36n3d.execute-api.us-east-2.amazonaws.com/dev",
      "type": "string"
    },
    "api_gateway_url": {
      "value": "arn:aws:execute-api:us-east-2:184655271045:oh98k36n3d",
      "type": "string"
    },
    "docker_build_and_push_commands": {
      "value": "# Get login token\naws ecr get-login-password --region us-east-2 | docker login --username AWS --password-stdin 184655271045.dkr.ecr.us-east-2.amazonaws.com/basic-item-crud-dev\n    \n# Build image\ndocker build -t basic-item-crud-dev .\n    \n# Tag image\ndocker tag basic-item-crud-dev:latest 184655271045.dkr.ecr.us-east-2.amazonaws.com/basic-item-crud-dev:latest\n    \n# Push image\ndocker push 184655271045.dkr.ecr.us-east-2.amazonaws.com/basic-item-crud-dev:latest\n",
      "type": "string"
    },
    "dynamodb_tables": {
      "value": {
        "items": "basic-item-crud-dev-items",
        "users": "basic-item-crud-dev-users"
      },
      "type": [
        "object",
        {
          "items": "string",
          "users": "string"
        }
      ]
    },
    "ecr_repository_url": {
      "value": "184655271045.dkr.ecr.us-east-2.amazonaws.com/basic-item-crud-dev",
      "type": "string"
    },
    "frontend_cloudfront_distribution_id": {
      "value": "E1OEZIEA16UJHQ",
      "type": "string"
    },
    "frontend_cloudfront_domain": {
      "value": "d19njcc0e7y07z.cloudfront.net",
      "type": "string"
    },
    "frontend_cloudfront_url": {
      "value": "https://d19njcc0e7y07z.cloudfront.net",
      "type": "string"
    },
    "frontend_deployment_role_arn": {
      "value": "arn:aws:iam::184655271045:role/basic-item-crud-dev-deployment-role",
      "type": "string"
    },
    "frontend_s3_bucket": {
      "value": "basic-item-crud-dev-frontend-mpzlwc33",
      "type": "string"
    },
    "frontend_s3_bucket_arn": {
      "value": "arn:aws:s3:::basic-item-crud-dev-frontend-mpzlwc33",
      "type": "string"
    },
    "lambda_function_arn": {
      "value": "arn:aws:lambda:us-east-2:184655271045:function:basic-item-crud-dev",
      "type": "string"
    },
    "lambda_function_name": {
      "value": "basic-item-crud-dev",
      "type": "string"
    }
  },
  "resources": [
    {
      "mode": "data",
      "type": "aws_caller_identity",
      "name": "current",
      "provider": "provider[\"registry.terraform.io/hashicorp/aws\"]",
      "instances": [
        {
          "schema_version": 0,
          "attributes": {
            "account_id": "184655271045",
            "arn": "arn:aws:iam::184655271045:user/jabari.henry",
            "id": "184655271045",
            "user_id": "AIDASV7SP2SC3QEOJNUHQ"
          },
          "sensitive_attributes": []
        }
      ]
    },
    {
      "mode": "managed",
      "type": "aws_api_gateway_deployment",
      "name": "main",
      "provider": "provider[\"registry.terraform.io/hashicorp/aws\"]",
      "instances": [
        {
          "schema_version": 0,
          "attributes": {
            "canary_settings": [],
            "created_date": "2025-10-06T02:37:15Z",
            "description": "",
            "execution_arn": "arn:aws:execute-api:us-east-2:184655271045:oh98k36n3d/dev",
            "id": "chajd3",
            "invoke_url": "https://oh98k36n3d.execute-api.us-east-2.amazonaws.com/dev",
            "rest_api_id": "oh98k36n3d",
            "stage_description": null,
            "stage_name": "dev",
            "triggers": null,
            "variables": null
          },
          "sensitive_attributes": [],
          "private": "bnVsbA==",
          "dependencies": [
            "aws_api_gateway_integration.lambda",
            "aws_api_gateway_integration.lambda_root",
            "aws_api_gateway_method.proxy",
            "aws_api_gateway_method.root",
            "aws_api_gateway_resource.proxy",
            "aws_api_gateway_rest_api.main",
            "aws_dynamodb_table.items",
            "aws_dynamodb_table.users",
            "aws_ecr_repository.main",
            "aws_iam_policy.lambda_basic_execution_policy",
            "aws_iam_policy.lambda_dynamodb_policy",
            "aws_iam_role.lambda_role",
            "aws_iam_role_policy_attachment.lambda_basic_execution_policy_attachment",
            "aws_iam_role_policy_attachment.lambda_dynamodb_policy_attachment",
            "aws_lambda_function.main"
          ],
          "create_before_destroy": true
        }
      ]
    },
    {
      "mode": "managed",
      "type": "aws_api_gateway_integration",
      "name": "lambda",
      "provider": "provider[\"registry.terraform.io/hashicorp/aws\"]",
      "instances": [
        {
          "schema_version": 0,
          "attributes": {
            "cache_key_parameters": [],
            "cache_namespace": "ovhci2",
            "connection_id": "",
            "connection_type": "INTERNET",
            "content_handling": "",
            "credentials": "",
            "http_method": "ANY",
            "id": "agi-oh98k36n3d-ovhci2-ANY",
            "integration_http_method": "POST",
            "passthrough_behavior": "WHEN_NO_MATCH",
            "request_parameters": {},
            "request_templates": {},
            "resource_id": "ovhci2",
            "rest_api_id": "oh98k36n3d",
            "timeout_milliseconds": 29000,
            "tls_config": [],
            "type": "AWS_PROXY",
            "uri": "arn:aws:apigateway:us-east-2:lambda:path/2015-03-31/functions/arn:aws:lambda:us-east-2:184655271045:function:basic-item-crud-dev/invocations"
          },
          "sensitive_attributes": [],
          "private": "bnVsbA==",
          "dependencies": [
            "aws_api_gateway_method.proxy",
            "aws_api_gateway_resource.proxy",
            "aws_api_gateway_rest_api.main",
            "aws_dynamodb_table.items",
            "aws_dynamodb_table.users",
            "aws_ecr_repository.main",
            "aws_iam_policy.lambda_basic_execution_policy",
            "aws_iam_policy.lambda_dynamodb_policy",
            "aws_iam_role.lambda_role",
            "aws_iam_role_policy_attachment.lambda_basic_execution_policy_attachment",
            "aws_iam_role_policy_attachment.lambda_dynamodb_policy_attachment",
            "aws_lambda_function.main"
          ],
          "create_before_destroy": true
        }
      ]
    },
    {
      "mode": "managed",
      "type": "aws_api_gateway_integration",
      "name": "lambda_root",
      "provider": "provider[\"registry.terraform.io/hashicorp/aws\"]",
      "instances": [
        {
          "schema_version": 0,
          "attributes": {
            "cache_key_parameters": [],
            "cache_namespace": "po0s8l05bi",
            "connection_id": "",
            "connection_type": "INTERNET",
            "content_handling": "",
            "credentials": "",
            "http_method": "ANY",
            "id": "agi-oh98k36n3d-po0s8l05bi-ANY",
            "integration_http_method": "POST",
            "passthrough_behavior": "WHEN_NO_MATCH",
            "request_parameters": {},
            "request_templates": {},
            "resource_id": "po0s8l05bi",
            "rest_api_id": "oh98k36n3d",
            "timeout_milliseconds": 29000,
            "tls_config": [],
            "type": "AWS_PROXY",
            "uri": "arn:aws:apigateway:us-east-2:lambda:path/2015-03-31/functions/arn:aws:lambda:us-east-2:184655271045:function:basic-item-crud-dev/invocations"
          },
          "sensitive_attributes": [],
          "private": "bnVsbA==",
          "dependencies": [
            "aws_api_gateway_method.root",
            "aws_api_gateway_rest_api.main",
            "aws_dynamodb_table.items",
            "aws_dynamodb_table.users",
            "aws_ecr_repository.main",
            "aws_iam_policy.lambda_basic_execution_policy",
            "aws_iam_policy.lambda_dynamodb_policy",
            "aws_iam_role.lambda_role",
            "aws_iam_role_policy_attachment.lambda_basic_execution_policy_attachment",
            "aws_iam_role_policy_attachment.lambda_dynamodb_policy_attachment",
            "aws_lambda_function.main"
          ],
          "create_before_destroy": true
        }
      ]
    },
    {
      "mode": "managed",
      "type": "aws_api_gateway_method",
      "name": "proxy",
      "provider": "provider[\"registry.terraform.io/hashicorp/aws\"]",
      "instances": [
        {
          "schema_version": 0,
          "attributes": {
            "api_key_required": false,
            "authorization": "NONE",
            "authorization_scopes": [],
            "authorizer_id": "",
            "http_method": "ANY",
            "id": "agm-oh98k36n3d-ovhci2-ANY",
            "operation_name": "",
            "request_models": {},
            "request_parameters": {},
            "request_validator_id": "",
            "resource_id": "ovhci2",
            "rest_api_id": "oh98k36n3d"
          },
          "sensitive_attributes": [],
          "private": "bnVsbA==",
          "dependencies": [
            "aws_api_gateway_resource.proxy",
            "aws_api_gateway_rest_api.main"
          ],
          "create_before_destroy": true
        }
      ]
    },
    {
      "mode": "managed",
      "type": "aws_api_gateway_method",
      "name": "root",
      "provider": "provider[\"registry.terraform.io/hashicorp/aws\"]",
      "instances": [
        {
          "schema_version": 0,
          "attributes": {
            "api_key_required": false,
            "authorization": "NONE",
            "authorization_scopes": [],
            "authorizer_id": "",
            "http_method": "ANY",
            "id": "agm-oh98k36n3d-po0s8l05bi-ANY",
            "operation_name": "",
            "request_models": {},
            "request_parameters": {},
            "request_validator_id": "",
            "resource_id": "po0s8l05bi",
            "rest_api_id": "oh98k36n3d"
          },
          "sensitive_attributes": [],
          "private": "bnVsbA==",
          "dependencies": [
            "aws_api_gateway_rest_api.main"
          ],
          "create_before_destroy": true
        }
      ]
    },
    {
      "mode": "managed",
      "type": "aws_api_gateway_resource",
      "name": "proxy",
      "provider": "provider[\"registry.terraform.io/hashicorp/aws\"]",
      "instances": [
        {
          "schema_version": 0,
          "attributes": {
            "id": "ovhci2",
            "parent_id": "po0s8l05bi",
            "path": "/{proxy+}",
            "path_part": "{proxy+}",
            "rest_api_id": "oh98k36n3d"
          },
          "sensitive_attributes": [],
          "private": "bnVsbA==",
          "dependencies": [
            "aws_api_gateway_rest_api.main"
          ],
          "create_before_destroy": true
        }
      ]
    },
    {
      "mode": "managed",
      "type": "aws_api_gateway_rest_api",
      "name": "main",
      "provider": "provider[\"registry.terraform.io/hashicorp/aws\"]",
      "instances": [
        {
          "schema_version": 0,
          "attributes": {
            "api_key_source": "HEADER",
            "arn": "arn:aws:apigateway:us-east-2::/restapis/oh98k36n3d",
            "binary_media_types": [],
            "body": null,
            "created_date": "2025-10-06T02:36:36Z",
            "description": "API Gateway for basic-item-crud FastAPI application",
            "disable_execute_api_endpoint": false,
            "endpoint_configuration": [
              {
                "ip_address_type": "ipv4",
                "types": [
                  "REGIONAL"
                ],
                "vpc_endpoint_ids": []
              }
            ],
            "execution_arn": "arn:aws:execute-api:us-east-2:184655271045:oh98k36n3d",
            "fail_on_warnings": null,
            "id": "oh98k36n3d",
            "minimum_compression_size": "",
            "name": "basic-item-crud-dev-api",
            "parameters": null,
            "policy": "",
            "put_rest_api_mode": null,
            "root_resource_id": "po0s8l05bi",
            "tags": {
              "Environment": "dev",
              "ManagedBy": "terraform",
              "Owner": "your-name",
              "Project": "Basic Item CRUD"
            },
            "tags_all": {
              "Environment": "dev",
              "ManagedBy": "terraform",
              "Owner": "your-name",
              "Project": "Basic Item CRUD"
            }
          },
          "sensitive_attributes": [],
          "private": "bnVsbA==",
          "create_before_destroy": true
        }
      ]
    },
    {
      "mode": "managed",
      "type": "aws_api_gateway_stage",
      "name": "main",
      "provider": "provider[\"registry.terraform.io/hashicorp/aws\"]",
      "instances": [
        {
          "schema_version": 0,
          "attributes": {
            "access_log_settings": [],
            "arn": "arn:aws:apigateway:us-east-2::/restapis/oh98k36n3d/stages/dev",
            "cache_cluster_enabled": false,
            "cache_cluster_size": "",
            "canary_settings": [],
            "client_certificate_id": "",
            "deployment_id": "chajd3",
            "description": "",
            "documentation_version": "",
            "execution_arn": "arn:aws:execute-api:us-east-2:184655271045:oh98k36n3d/dev",
            "id": "ags-oh98k36n3d-dev",
            "invoke_url": "https://oh98k36n3d.execute-api.us-east-2.amazonaws.com/dev",
            "rest_api_id": "oh98k36n3d",
            "stage_name": "dev",
            "tags": {
              "Environment": "dev",
              "ManagedBy": "terraform",
              "Owner": "your-name",
              "Project": "Basic Item CRUD"
            },
            "tags_all": {
              "Environment": "dev",
              "ManagedBy": "terraform",
              "Owner": "your-name",
              "Project": "Basic Item CRUD"
            },
            "variables": {},
            "web_acl_arn": "",
            "xray_tracing_enabled": false
          },
          "sensitive_attributes": [],
          "private": "bnVsbA==",
          "dependencies": [
            "aws_api_gateway_deployment.main",
            "aws_api_gateway_integration.lambda",
            "aws_api_gateway_integration.lambda_root",
            "aws_api_gateway_method.proxy",
            "aws_api_gateway_method.root",
            "aws_api_gateway_resource.proxy",
            "aws_api_gateway_rest_api.main",
            "aws_dynamodb_table.items",
            "aws_dynamodb_table.users",
            "aws_ecr_repository.main",
            "aws_iam_policy.lambda_basic_execution_policy",
            "aws_iam_policy.lambda_dynamodb_policy",
            "aws_iam_role.lambda_role",
            "aws_iam_role_policy_attachment.lambda_basic_execution_policy_attachment",
            "aws_iam_role_policy_attachment.lambda_dynamodb_policy_attachment",
            "aws_lambda_function.main"
          ]
        }
      ]
    },
    {
      "mode": "managed",
      "type": "aws_cloudfront_distribution",
      "name": "frontend",
      "provider": "provider[\"registry.terraform.io/hashicorp/aws\"]",
      "instances": [
        {
          "schema_version": 1,
          "attributes": {
            "aliases": [],
            "arn": "arn:aws:cloudfront::184655271045:distribution/E1OEZIEA16UJHQ",
            "caller_reference": "terraform-20251006023639628400000002",
            "comment": "CloudFront distribution for basic-item-crud frontend",
            "continuous_deployment_policy_id": "",
            "custom_error_response": [
              {
                "error_caching_min_ttl": 0,
                "error_code": 403,
                "response_code": 200,
                "response_page_path": "/index.html"
              },
              {
                "error_caching_min_ttl": 0,
                "error_code": 404,
                "response_code": 200,
                "response_page_path": "/index.html"
              }
            ],
            "default_cache_behavior": [
              {
                "allowed_methods": [
                  "DELETE",
                  "GET",
                  "HEAD",
                  "OPTIONS",
                  "PATCH",
                  "POST",
                  "PUT"
                ],
                "cache_policy_id": "",
                "cached_methods": [
                  "GET",
                  "HEAD"
                ],
                "compress": true,
                "default_ttl": 3600,
                "field_level_encryption_id": "",
                "forwarded_values": [
                  {
                    "cookies": [
                      {
                        "forward": "none",
                        "whitelisted_names": []
                      }
                    ],
                    "headers": [],
                    "query_string": false,
                    "query_string_cache_keys": []
                  }
                ],
                "function_association": [],
                "grpc_config": [
                  {
                    "enabled": false
                  }
                ],
                "lambda_function_association": [],
                "max_ttl": 86400,
                "min_ttl": 0,
                "origin_request_policy_id": "",
                "realtime_log_config_arn": "",
                "response_headers_policy_id": "",
                "smooth_streaming": false,
                "target_origin_id": "S3-basic-item-crud-dev-frontend-mpzlwc33",
                "trusted_key_groups": [],
                "trusted_signers": [],
                "viewer_protocol_policy": "redirect-to-https"
              }
            ],
            "default_root_object": "index.html",
            "domain_name": "d19njcc0e7y07z.cloudfront.net",
            "enabled": true,
            "etag": "E3JSV5FIE0QG5I",
            "hosted_zone_id": "Z2FDTNDATAQYW2",
            "http_version": "http2",
            "id": "E1OEZIEA16UJHQ",
            "in_progress_validation_batches": 0,
            "is_ipv6_enabled": true,
            "last_modified_time": "2025-10-06 03:51:58.556 +0000 UTC",
            "logging_config": [],
            "ordered_cache_behavior": [
              {
                "allowed_methods": [
                  "DELETE",
                  "GET",
                  "HEAD",
                  "OPTIONS",
                  "PATCH",
                  "POST",
                  "PUT"
                ],
                "cache_policy_id": "",
                "cached_methods": [
                  "GET",
                  "HEAD"
                ],
                "compress": true,
                "default_ttl": 0,
                "field_level_encryption_id": "",
                "forwarded_values": [
                  {
                    "cookies": [
                      {
                        "forward": "none",
                        "whitelisted_names": []
                      }
                    ],
                    "headers": [
                      "Authorization",
                      "Content-Type"
                    ],
                    "query_string": true,
                    "query_string_cache_keys": []
                  }
                ],
                "function_association": [],
                "grpc_config": [
                  {
                    "enabled": false
                  }
                ],
                "lambda_function_association": [],
                "max_ttl": 0,
                "min_ttl": 0,
                "origin_request_policy_id": "",
                "path_pattern": "/api/*",
                "realtime_log_config_arn": "",
                "response_headers_policy_id": "",
                "smooth_streaming": false,
                "target_origin_id": "API-oh98k36n3d",
                "trusted_key_groups": [],
                "trusted_signers": [],
                "viewer_protocol_policy": "redirect-to-https"
              }
            ],
            "origin": [
              {
                "connection_attempts": 3,
                "connection_timeout": 10,
                "custom_header": [],
                "custom_origin_config": [
                  {
                    "http_port": 443,
                    "https_port": 443,
                    "origin_keepalive_timeout": 5,
                    "origin_protocol_policy": "https-only",
                    "origin_read_timeout": 30,
                    "origin_ssl_protocols": [
                      "TLSv1.2"
                    ]
                  }
                ],
                "domain_name": "oh98k36n3d.execute-api.us-east-2.amazonaws.com",
                "origin_access_control_id": "",
                "origin_id": "API-oh98k36n3d",
                "origin_path": "/dev",
                "origin_shield": [],
                "s3_origin_config": [],
                "vpc_origin_config": []
              },
              {
                "connection_attempts": 3,
                "connection_timeout": 10,
                "custom_header": [],
                "custom_origin_config": [],
                "domain_name": "basic-item-crud-dev-frontend-mpzlwc33.s3.us-east-2.amazonaws.com",
                "origin_access_control_id": "E2DAU7OJSKD0X",
                "origin_id": "S3-basic-item-crud-dev-frontend-mpzlwc33",
                "origin_path": "",
                "origin_shield": [],
                "s3_origin_config": [],
                "vpc_origin_config": []
              }
            ],
            "origin_group": [],
            "price_class": "PriceClass_All",
            "restrictions": [
              {
                "geo_restriction": [
                  {
                    "locations": [],
                    "restriction_type": "none"
                  }
                ]
              }
            ],
            "retain_on_delete": false,
            "staging": false,
            "status": "Deployed",
            "tags": {
              "Environment": "dev",
              "ManagedBy": "terraform",
              "Owner": "your-name",
              "Project": "Basic Item CRUD"
            },
            "tags_all": {
              "Environment": "dev",
              "ManagedBy": "terraform",
              "Owner": "your-name",
              "Project": "Basic Item CRUD"
            },
            "trusted_key_groups": [
              {
                "enabled": false,
                "items": []
              }
            ],
            "trusted_signers": [
              {
                "enabled": false,
                "items": []
              }
            ],
            "viewer_certificate": [
              {
                "acm_certificate_arn": "",
                "cloudfront_default_certificate": true,
                "iam_certificate_id": "",
                "minimum_protocol_version": "TLSv1",
                "ssl_support_method": ""
              }
            ],
            "wait_for_deployment": true,
            "web_acl_id": ""
          },
          "sensitive_attributes": [],
          "private": "eyJzY2hlbWFfdmVyc2lvbiI6IjEifQ==",
          "dependencies": [
            "aws_api_gateway_rest_api.main",
            "aws_cloudfront_origin_access_control.frontend",
            "aws_s3_bucket.frontend",
            "random_string.bucket_suffix"
          ]
        }
      ]
    },
    {
      "mode": "managed",
      "type": "aws_cloudfront_origin_access_control",
      "name": "frontend",
      "provider": "provider[\"registry.terraform.io/hashicorp/aws\"]",
      "instances": [
        {
          "schema_version": 0,
          "attributes": {
            "arn": "arn:aws:cloudfront::184655271045:origin-access-control/E2DAU7OJSKD0X",
            "description": "OAC for basic-item-crud frontend",
            "etag": "ETVPDKIKX0DER",
            "id": "E2DAU7OJSKD0X",
            "name": "basic-item-crud-dev-frontend-oac",
            "origin_access_control_origin_type": "s3",
            "signing_behavior": "always",
            "signing_protocol": "sigv4"
          },
          "sensitive_attributes": [],
          "private": "bnVsbA=="
        }
      ]
    },
    {
      "mode": "managed",
      "type": "aws_cloudwatch_log_group",
      "name": "api_gateway_access_logs",
      "provider": "provider[\"registry.terraform.io/hashicorp/aws\"]",
      "instances": [
        {
          "schema_version": 0,
          "attributes": {
            "arn": "arn:aws:logs:us-east-2:184655271045:log-group:/aws/apigateway/basic-item-crud-dev-access",
            "id": "/aws/apigateway/basic-item-crud-dev-access",
            "kms_key_id": "",
            "log_group_class": "STANDARD",
            "name": "/aws/apigateway/basic-item-crud-dev-access",
            "name_prefix": "",
            "retention_in_days": 14,
            "skip_destroy": false,
            "tags": {
              "Environment": "dev",
              "ManagedBy": "terraform",
              "Owner": "your-name",
              "Project": "Basic Item CRUD"
            },
            "tags_all": {
              "Environment": "dev",
              "ManagedBy": "terraform",
              "Owner": "your-name",
              "Project": "Basic Item CRUD"
            }
          },
          "sensitive_attributes": [],
          "private": "bnVsbA=="
        }
      ]
    },
    {
      "mode": "managed",
      "type": "aws_cloudwatch_log_group",
      "name": "api_gateway_logs",
      "provider": "provider[\"registry.terraform.io/hashicorp/aws\"]",
      "instances": [
        {
          "schema_version": 0,
          "attributes": {
            "arn": "arn:aws:logs:us-east-2:184655271045:log-group:/aws/apigateway/basic-item-crud-dev",
            "id": "/aws/apigateway/basic-item-crud-dev",
            "kms_key_id": "",
            "log_group_class": "STANDARD",
            "name": "/aws/apigateway/basic-item-crud-dev",
            "name_prefix": "",
            "retention_in_days": 14,
            "skip_destroy": false,
            "tags": {
              "Environment": "dev",
              "ManagedBy": "terraform",
              "Owner": "your-name",
              "Project": "Basic Item CRUD"
            },
            "tags_all": {
              "Environment": "dev",
              "ManagedBy": "terraform",
              "Owner": "your-name",
              "Project": "Basic Item CRUD"
            }
          },
          "sensitive_attributes": [],
          "private": "bnVsbA=="
        }
      ]
    },
    {
      "mode": "managed",
      "type": "aws_cloudwatch_log_group",
      "name": "lambda_logs",
      "provider": "provider[\"registry.terraform.io/hashicorp/aws\"]",
      "instances": [
        {
          "schema_version": 0,
          "attributes": {
            "arn": "arn:aws:logs:us-east-2:184655271045:log-group:/aws/lambda/basic-item-crud-dev",
            "id": "/aws/lambda/basic-item-crud-dev",
            "kms_key_id": "",
            "log_group_class": "STANDARD",
            "name": "/aws/lambda/basic-item-crud-dev",
            "name_prefix": "",
            "retention_in_days": 14,
            "skip_destroy": false,
            "tags": {
              "Environment": "dev",
              "ManagedBy": "terraform",
              "Owner": "your-name",
              "Project": "Basic Item CRUD"
            },
            "tags_all": {
              "Environment": "dev",
              "ManagedBy": "terraform",
              "Owner": "your-name",
              "Project": "Basic Item CRUD"
            }
          },
          "sensitive_attributes": [],
          "private": "bnVsbA==",
          "dependencies": [
            "aws_dynamodb_table.items",
            "aws_dynamodb_table.users",
            "aws_ecr_repository.main",
            "aws_iam_policy.lambda_basic_execution_policy",
            "aws_iam_policy.lambda_dynamodb_policy",
            "aws_iam_role.lambda_role",
            "aws_iam_role_policy_attachment.lambda_basic_execution_policy_attachment",
            "aws_iam_role_policy_attachment.lambda_dynamodb_policy_attachment",
            "aws_lambda_function.main"
          ]
        }
      ]
    },
    {
      "mode": "managed",
      "type": "aws_dynamodb_table",
      "name": "items",
      "provider": "provider[\"registry.terraform.io/hashicorp/aws\"]",
      "instances": [
        {
          "schema_version": 1,
          "attributes": {
            "arn": "arn:aws:dynamodb:us-east-2:184655271045:table/basic-item-crud-dev-items",
            "attribute": [
              {
                "name": "id",
                "type": "S"
              },
              {
                "name": "owner_id",
                "type": "S"
              }
            ],
            "billing_mode": "PAY_PER_REQUEST",
            "deletion_protection_enabled": false,
            "global_secondary_index": [
              {
                "hash_key": "owner_id",
                "name": "owner-id-index",
                "non_key_attributes": [],
                "on_demand_throughput": [],
                "projection_type": "ALL",
                "range_key": "",
                "read_capacity": 0,
                "write_capacity": 0
              }
            ],
            "hash_key": "id",
            "id": "basic-item-crud-dev-items",
            "import_table": [],
            "local_secondary_index": [],
            "name": "basic-item-crud-dev-items",
            "on_demand_throughput": [],
            "point_in_time_recovery": [
              {
                "enabled": true,
                "recovery_period_in_days": 35
              }
            ],
            "range_key": null,
            "read_capacity": 0,
            "replica": [],
            "restore_date_time": null,
            "restore_source_name": null,
            "restore_source_table_arn": null,
            "restore_to_latest_time": null,
            "server_side_encryption": [],
            "stream_arn": "",
            "stream_enabled": false,
            "stream_label": "",
            "stream_view_type": "",
            "table_class": "STANDARD",
            "tags": {
              "Environment": "dev",
              "ManagedBy": "terraform",
              "Name": "basic-item-crud-dev-items",
              "Owner": "your-name",
              "Project": "Basic Item CRUD"
            },
            "tags_all": {
              "Environment": "dev",
              "ManagedBy": "terraform",
              "Name": "basic-item-crud-dev-items",
              "Owner": "your-name",
              "Project": "Basic Item CRUD"
            },
            "timeouts": null,
            "ttl": [
              {
                "attribute_name": "",
                "enabled": false
              }
            ],
            "write_capacity": 0
          },
          "sensitive_attributes": [],
          "private": "eyJlMmJmYjczMC1lY2FhLTExZTYtOGY4OC0zNDM2M2JjN2M0YzAiOnsiY3JlYXRlIjoxODAwMDAwMDAwMDAwLCJkZWxldGUiOjYwMDAwMDAwMDAwMCwidXBkYXRlIjozNjAwMDAwMDAwMDAwfSwic2NoZW1hX3ZlcnNpb24iOiIxIn0="
        }
      ]
    },
    {
      "mode": "managed",
      "type": "aws_dynamodb_table",
      "name": "users",
      "provider": "provider[\"registry.terraform.io/hashicorp/aws\"]",
      "instances": [
        {
          "schema_version": 1,
          "attributes": {
            "arn": "arn:aws:dynamodb:us-east-2:184655271045:table/basic-item-crud-dev-users",
            "attribute": [
              {
                "name": "id",
                "type": "S"
              },
              {
                "name": "username",
                "type": "S"
              }
            ],
            "billing_mode": "PAY_PER_REQUEST",
            "deletion_protection_enabled": false,
            "global_secondary_index": [
              {
                "hash_key": "username",
                "name": "username-index",
                "non_key_attributes": [],
                "on_demand_throughput": [],
                "projection_type": "ALL",
                "range_key": "",
                "read_capacity": 0,
                "write_capacity": 0
              }
            ],
            "hash_key": "id",
            "id": "basic-item-crud-dev-users",
            "import_table": [],
            "local_secondary_index": [],
            "name": "basic-item-crud-dev-users",
            "on_demand_throughput": [],
            "point_in_time_recovery": [
              {
                "enabled": true,
                "recovery_period_in_days": 35
              }
            ],
            "range_key": null,
            "read_capacity": 0,
            "replica": [],
            "restore_date_time": null,
            "restore_source_name": null,
            "restore_source_table_arn": null,
            "restore_to_latest_time": null,
            "server_side_encryption": [],
            "stream_arn": "",
            "stream_enabled": false,
            "stream_label": "",
            "stream_view_type": "",
            "table_class": "STANDARD",
            "tags": {
              "Environment": "dev",
              "ManagedBy": "terraform",
              "Name": "basic-item-crud-dev-users",
              "Owner": "your-name",
              "Project": "Basic Item CRUD"
            },
            "tags_all": {
              "Environment": "dev",
              "ManagedBy": "terraform",
              "Name": "basic-item-crud-dev-users",
              "Owner": "your-name",
              "Project": "Basic Item CRUD"
            },
            "timeouts": null,
            "ttl": [
              {
                "attribute_name": "",
                "enabled": false
              }
            ],
            "write_capacity": 0
          },
          "sensitive_attributes": [],
          "private": "eyJlMmJmYjczMC1lY2FhLTExZTYtOGY4OC0zNDM2M2JjN2M0YzAiOnsiY3JlYXRlIjoxODAwMDAwMDAwMDAwLCJkZWxldGUiOjYwMDAwMDAwMDAwMCwidXBkYXRlIjozNjAwMDAwMDAwMDAwfSwic2NoZW1hX3ZlcnNpb24iOiIxIn0="
        }
      ]
    },
    {
      "mode": "managed",
      "type": "aws_ecr_lifecycle_policy",
      "name": "main",
      "provider": "provider[\"registry.terraform.io/hashicorp/aws\"]",
      "instances": [
        {
          "schema_version": 0,
          "attributes": {
            "id": "basic-item-crud-dev",
            "policy": "{\"rules\":[{\"action\":{\"type\":\"expire\"},\"description\":\"Keep last 10 images\",\"rulePriority\":1,\"selection\":{\"countNumber\":10,\"countType\":\"imageCountMoreThan\",\"tagPrefixList\":[\"v\"],\"tagStatus\":\"tagged\"}},{\"action\":{\"type\":\"expire\"},\"description\":\"Delete untagged images older than 1 day\",\"rulePriority\":2,\"selection\":{\"countNumber\":1,\"countType\":\"sinceImagePushed\",\"countUnit\":\"days\",\"tagStatus\":\"untagged\"}}]}",
            "registry_id": "184655271045",
            "repository": "basic-item-crud-dev"
          },
          "sensitive_attributes": [],
          "private": "bnVsbA==",
          "dependencies": [
            "aws_ecr_repository.main"
          ]
        }
      ]
    },
    {
      "mode": "managed",
      "type": "aws_ecr_repository",
      "name": "main",
      "provider": "provider[\"registry.terraform.io/hashicorp/aws\"]",
      "instances": [
        {
          "schema_version": 0,
          "attributes": {
            "arn": "arn:aws:ecr:us-east-2:184655271045:repository/basic-item-crud-dev",
            "encryption_configuration": [
              {
                "encryption_type": "AES256",
                "kms_key": ""
              }
            ],
            "force_delete": null,
            "id": "basic-item-crud-dev",
            "image_scanning_configuration": [
              {
                "scan_on_push": true
              }
            ],
            "image_tag_mutability": "MUTABLE",
            "name": "basic-item-crud-dev",
            "registry_id": "184655271045",
            "repository_url": "184655271045.dkr.ecr.us-east-2.amazonaws.com/basic-item-crud-dev",
            "tags": {
              "Environment": "dev",
              "ManagedBy": "terraform",
              "Owner": "your-name",
              "Project": "Basic Item CRUD"
            },
            "tags_all": {
              "Environment": "dev",
              "ManagedBy": "terraform",
              "Owner": "your-name",
              "Project": "Basic Item CRUD"
            },
            "timeouts": null
          },
          "sensitive_attributes": [],
          "private": "eyJlMmJmYjczMC1lY2FhLTExZTYtOGY4OC0zNDM2M2JjN2M0YzAiOnsiZGVsZXRlIjoxMjAwMDAwMDAwMDAwfX0="
        }
      ]
    },
    {
      "mode": "managed",
      "type": "aws_iam_policy",
      "name": "api_gateway_lambda_policy",
      "provider": "provider[\"registry.terraform.io/hashicorp/aws\"]",
      "instances": [
        {
          "schema_version": 0,
          "attributes": {
            "arn": "arn:aws:iam::184655271045:policy/basic-item-crud-dev-api-gateway-lambda-policy",
            "attachment_count": 1,
            "description": "Policy for API Gateway to invoke Lambda",
            "id": "arn:aws:iam::184655271045:policy/basic-item-crud-dev-api-gateway-lambda-policy",
            "name": "basic-item-crud-dev-api-gateway-lambda-policy",
            "name_prefix": "",
            "path": "/",
            "policy": "{\"Statement\":[{\"Action\":\"lambda:InvokeFunction\",\"Effect\":\"Allow\",\"Resource\":\"arn:aws:lambda:us-east-2:184655271045:function:basic-item-crud-dev\"}],\"Version\":\"2012-10-17\"}",
            "policy_id": "ANPASV7SP2SCW62FM4MUZ",
            "tags": {
              "Environment": "dev",
              "ManagedBy": "terraform",
              "Owner": "your-name",
              "Project": "Basic Item CRUD"
            },
            "tags_all": {
              "Environment": "dev",
              "ManagedBy": "terraform",
              "Owner": "your-name",
              "Project": "Basic Item CRUD"
            }
          },
          "sensitive_attributes": [],
          "private": "bnVsbA==",
          "dependencies": [
            "aws_dynamodb_table.items",
            "aws_dynamodb_table.users",
            "aws_ecr_repository.main",
            "aws_iam_policy.lambda_basic_execution_policy",
            "aws_iam_policy.lambda_dynamodb_policy",
            "aws_iam_role.lambda_role",
            "aws_iam_role_policy_attachment.lambda_basic_execution_policy_attachment",
            "aws_iam_role_policy_attachment.lambda_dynamodb_policy_attachment",
            "aws_lambda_function.main"
          ]
        }
      ]
    },
    {
      "mode": "managed",
      "type": "aws_iam_policy",
      "name": "cloudfront_s3_policy",
      "provider": "provider[\"registry.terraform.io/hashicorp/aws\"]",
      "instances": [
        {
          "schema_version": 0,
          "attributes": {
            "arn": "arn:aws:iam::184655271045:policy/basic-item-crud-dev-cloudfront-s3-policy",
            "attachment_count": 1,
            "description": "Policy for CloudFront to access S3 bucket",
            "id": "arn:aws:iam::184655271045:policy/basic-item-crud-dev-cloudfront-s3-policy",
            "name": "basic-item-crud-dev-cloudfront-s3-policy",
            "name_prefix": "",
            "path": "/",
            "policy": "{\"Statement\":[{\"Action\":[\"s3:GetObject\"],\"Effect\":\"Allow\",\"Resource\":\"arn:aws:s3:::basic-item-crud-dev-frontend-mpzlwc33/*\"}],\"Version\":\"2012-10-17\"}",
            "policy_id": "ANPASV7SP2SCUGIT5LVPU",
            "tags": {
              "Environment": "dev",
              "ManagedBy": "terraform",
              "Owner": "your-name",
              "Project": "Basic Item CRUD"
            },
            "tags_all": {
              "Environment": "dev",
              "ManagedBy": "terraform",
              "Owner": "your-name",
              "Project": "Basic Item CRUD"
            }
          },
          "sensitive_attributes": [],
          "private": "bnVsbA==",
          "dependencies": [
            "aws_s3_bucket.frontend",
            "random_string.bucket_suffix"
          ]
        }
      ]
    },
    {
      "mode": "managed",
      "type": "aws_iam_policy",
      "name": "deployment_policy",
      "provider": "provider[\"registry.terraform.io/hashicorp/aws\"]",
      "instances": [
        {
          "schema_version": 0,
          "attributes": {
            "arn": "arn:aws:iam::184655271045:policy/basic-item-crud-dev-deployment-policy",
            "attachment_count": 1,
            "description": "Policy for deploying frontend files to S3 and invalidating CloudFront",
            "id": "arn:aws:iam::184655271045:policy/basic-item-crud-dev-deployment-policy",
            "name": "basic-item-crud-dev-deployment-policy",
            "name_prefix": "",
            "path": "/",
            "policy": "{\"Statement\":[{\"Action\":[\"s3:PutObject\",\"s3:PutObjectAcl\",\"s3:GetObject\",\"s3:DeleteObject\",\"s3:ListBucket\"],\"Effect\":\"Allow\",\"Resource\":[\"arn:aws:s3:::basic-item-crud-dev-frontend-mpzlwc33\",\"arn:aws:s3:::basic-item-crud-dev-frontend-mpzlwc33/*\"]},{\"Action\":[\"cloudfront:CreateInvalidation\"],\"Effect\":\"Allow\",\"Resource\":\"arn:aws:cloudfront::184655271045:distribution/E1OEZIEA16UJHQ\"}],\"Version\":\"2012-10-17\"}",
            "policy_id": "ANPASV7SP2SC62G7TS632",
            "tags": {
              "Environment": "dev",
              "ManagedBy": "terraform",
              "Owner": "your-name",
              "Project": "Basic Item CRUD"
            },
            "tags_all": {
              "Environment": "dev",
              "ManagedBy": "terraform",
              "Owner": "your-name",
              "Project": "Basic Item CRUD"
            }
          },
          "sensitive_attributes": [],
          "private": "bnVsbA==",
          "dependencies": [
            "aws_api_gateway_rest_api.main",
            "aws_cloudfront_distribution.frontend",
            "aws_cloudfront_origin_access_control.frontend",
            "aws_s3_bucket.frontend",
            "random_string.bucket_suffix"
          ]
        }
      ]
    },
    {
      "mode": "managed",
      "type": "aws_iam_policy",
      "name": "lambda_basic_execution_policy",
      "provider": "provider[\"registry.terraform.io/hashicorp/aws\"]",
      "instances": [
        {
          "schema_version": 0,
          "attributes": {
            "arn": "arn:aws:iam::184655271045:policy/basic-item-crud-dev-lambda-basic-execution-policy",
            "attachment_count": 1,
            "description": "Basic execution policy for Lambda",
            "id": "arn:aws:iam::184655271045:policy/basic-item-crud-dev-lambda-basic-execution-policy",
            "name": "basic-item-crud-dev-lambda-basic-execution-policy",
            "name_prefix": "",
            "path": "/",
            "policy": "{\"Statement\":[{\"Action\":[\"logs:CreateLogGroup\",\"logs:CreateLogStream\",\"logs:PutLogEvents\"],\"Effect\":\"Allow\",\"Resource\":\"arn:aws:logs:*:*:*\"}],\"Version\":\"2012-10-17\"}",
            "policy_id": "ANPASV7SP2SC3TVNKUY6F",
            "tags": {
              "Environment": "dev",
              "ManagedBy": "terraform",
              "Owner": "your-name",
              "Project": "Basic Item CRUD"
            },
            "tags_all": {
              "Environment": "dev",
              "ManagedBy": "terraform",
              "Owner": "your-name",
              "Project": "Basic Item CRUD"
            }
          },
          "sensitive_attributes": [],
          "private": "bnVsbA=="
        }
      ]
    },
    {
      "mode": "managed",
      "type": "aws_iam_policy",
      "name": "lambda_dynamodb_policy",
      "provider": "provider[\"registry.terraform.io/hashicorp/aws\"]",
      "instances": [
        {
          "schema_version": 0,
          "attributes": {
            "arn": "arn:aws:iam::184655271045:policy/basic-item-crud-dev-lambda-dynamodb-policy",
            "attachment_count": 1,
            "description": "Policy for Lambda to access DynamoDB tables",
            "id": "arn:aws:iam::184655271045:policy/basic-item-crud-dev-lambda-dynamodb-policy",
            "name": "basic-item-crud-dev-lambda-dynamodb-policy",
            "name_prefix": "",
            "path": "/",
            "policy": "{\"Statement\":[{\"Action\":[\"dynamodb:GetItem\",\"dynamodb:PutItem\",\"dynamodb:UpdateItem\",\"dynamodb:DeleteItem\",\"dynamodb:Query\",\"dynamodb:Scan\",\"dynamodb:BatchGetItem\",\"dynamodb:BatchWriteItem\"],\"Effect\":\"Allow\",\"Resource\":[\"arn:aws:dynamodb:us-east-2:184655271045:table/basic-item-crud-dev-users\",\"arn:aws:dynamodb:us-east-2:184655271045:table/basic-item-crud-dev-users/index/*\",\"arn:aws:dynamodb:us-east-2:184655271045:table/basic-item-crud-dev-items\",\"arn:aws:dynamodb:us-east-2:184655271045:table/basic-item-crud-dev-items/index/*\"]}],\"Version\":\"2012-10-17\"}",
            "policy_id": "ANPASV7SP2SCU6IPTEN7O",
            "tags": {
              "Environment": "dev",
              "ManagedBy": "terraform",
              "Owner": "your-name",
              "Project": "Basic Item CRUD"
            },
            "tags_all": {
              "Environment": "dev",
              "ManagedBy": "terraform",
              "Owner": "your-name",
              "Project": "Basic Item CRUD"
            }
          },
          "sensitive_attributes": [],
          "private": "bnVsbA==",
          "dependencies": [
            "aws_dynamodb_table.items",
            "aws_dynamodb_table.users"
          ]
        }
      ]
    },
    {
      "mode": "managed",
      "type": "aws_iam_role",
      "name": "api_gateway_role",
      "provider": "provider[\"registry.terraform.io/hashicorp/aws\"]",
      "instances": [
        {
          "schema_version": 0,
          "attributes": {
            "arn": "arn:aws:iam::184655271045:role/basic-item-crud-dev-api-gateway-role",
            "assume_role_policy": "{\"Statement\":[{\"Action\":\"sts:AssumeRole\",\"Effect\":\"Allow\",\"Principal\":{\"Service\":\"apigateway.amazonaws.com\"}}],\"Version\":\"2012-10-17\"}",
            "create_date": "2025-10-06T02:36:36Z",
            "description": "",
            "force_detach_policies": false,
            "id": "basic-item-crud-dev-api-gateway-role",
            "inline_policy": [],
            "managed_policy_arns": [
              "arn:aws:iam::184655271045:policy/basic-item-crud-dev-api-gateway-lambda-policy"
            ],
            "max_session_duration": 3600,
            "name": "basic-item-crud-dev-api-gateway-role",
            "name_prefix": "",
            "path": "/",
            "permissions_boundary": "",
            "tags": {
              "Environment": "dev",
              "ManagedBy": "terraform",
              "Owner": "your-name",
              "Project": "Basic Item CRUD"
            },
            "tags_all": {
              "Environment": "dev",
              "ManagedBy": "terraform",
              "Owner": "your-name",
              "Project": "Basic Item CRUD"
            },
            "unique_id": "AROASV7SP2SCSN5QSCLVN"
          },
          "sensitive_attributes": [],
          "private": "bnVsbA=="
        }
      ]
    },
    {
      "mode": "managed",
      "type": "aws_iam_role",
      "name": "cloudfront_s3_role",
      "provider": "provider[\"registry.terraform.io/hashicorp/aws\"]",
      "instances": [
        {
          "schema_version": 0,
          "attributes": {
            "arn": "arn:aws:iam::184655271045:role/basic-item-crud-dev-cloudfront-s3-role",
            "assume_role_policy": "{\"Statement\":[{\"Action\":\"sts:AssumeRole\",\"Effect\":\"Allow\",\"Principal\":{\"Service\":\"cloudfront.amazonaws.com\"}}],\"Version\":\"2012-10-17\"}",
            "create_date": "2025-10-06T02:36:36Z",
            "description": "",
            "force_detach_policies": false,
            "id": "basic-item-crud-dev-cloudfront-s3-role",
            "inline_policy": [],
            "managed_policy_arns": [
              "arn:aws:iam::184655271045:policy/basic-item-crud-dev-cloudfront-s3-policy"
            ],
            "max_session_duration": 3600,
            "name": "basic-item-crud-dev-cloudfront-s3-role",
            "name_prefix": "",
            "path": "/",
            "permissions_boundary": "",
            "tags": {
              "Environment": "dev",
              "ManagedBy": "terraform",
              "Owner": "your-name",
              "Project": "Basic Item CRUD"
            },
            "tags_all": {
              "Environment": "dev",
              "ManagedBy": "terraform",
              "Owner": "your-name",
              "Project": "Basic Item CRUD"
            },
            "unique_id": "AROASV7SP2SC5TII3EUSH"
          },
          "sensitive_attributes": [],
          "private": "bnVsbA=="
        }
      ]
    },
    {
      "mode": "managed",
      "type": "aws_iam_role",
      "name": "deployment_role",
      "provider": "provider[\"registry.terraform.io/hashicorp/aws\"]",
      "instances": [
        {
          "schema_version": 0,
          "attributes": {
            "arn": "arn:aws:iam::184655271045:role/basic-item-crud-dev-deployment-role",
            "assume_role_policy": "{\"Statement\":[{\"Action\":\"sts:AssumeRole\",\"Effect\":\"Allow\",\"Principal\":{\"AWS\":\"arn:aws:iam::184655271045:root\"}}],\"Version\":\"2012-10-17\"}",
            "create_date": "2025-10-06T02:36:36Z",
            "description": "",
            "force_detach_policies": false,
            "id": "basic-item-crud-dev-deployment-role",
            "inline_policy": [],
            "managed_policy_arns": [
              "arn:aws:iam::184655271045:policy/basic-item-crud-dev-deployment-policy"
            ],
            "max_session_duration": 3600,
            "name": "basic-item-crud-dev-deployment-role",
            "name_prefix": "",
            "path": "/",
            "permissions_boundary": "",
            "tags": {
              "Environment": "dev",
              "ManagedBy": "terraform",
              "Owner": "your-name",
              "Project": "Basic Item CRUD"
            },
            "tags_all": {
              "Environment": "dev",
              "ManagedBy": "terraform",
              "Owner": "your-name",
              "Project": "Basic Item CRUD"
            },
            "unique_id": "AROASV7SP2SCSBNQ7UZWI"
          },
          "sensitive_attributes": [],
          "private": "bnVsbA==",
          "dependencies": [
            "data.aws_caller_identity.current"
          ]
        }
      ]
    },
    {
      "mode": "managed",
      "type": "aws_iam_role",
      "name": "lambda_role",
      "provider": "provider[\"registry.terraform.io/hashicorp/aws\"]",
      "instances": [
        {
          "schema_version": 0,
          "attributes": {
            "arn": "arn:aws:iam::184655271045:role/basic-item-crud-dev-lambda-role",
            "assume_role_policy": "{\"Statement\":[{\"Action\":\"sts:AssumeRole\",\"Effect\":\"Allow\",\"Principal\":{\"Service\":\"lambda.amazonaws.com\"}}],\"Version\":\"2012-10-17\"}",
            "create_date": "2025-10-06T02:36:37Z",
            "description": "",
            "force_detach_policies": false,
            "id": "basic-item-crud-dev-lambda-role",
            "inline_policy": [],
            "managed_policy_arns": [
              "arn:aws:iam::184655271045:policy/basic-item-crud-dev-lambda-basic-execution-policy",
              "arn:aws:iam::184655271045:policy/basic-item-crud-dev-lambda-dynamodb-policy"
            ],
            "max_session_duration": 3600,
            "name": "basic-item-crud-dev-lambda-role",
            "name_prefix": "",
            "path": "/",
            "permissions_boundary": "",
            "tags": {
              "Environment": "dev",
              "ManagedBy": "terraform",
              "Owner": "your-name",
              "Project": "Basic Item CRUD"
            },
            "tags_all": {
              "Environment": "dev",
              "ManagedBy": "terraform",
              "Owner": "your-name",
              "Project": "Basic Item CRUD"
            },
            "unique_id": "AROASV7SP2SCQLL5ILCEX"
          },
          "sensitive_attributes": [],
          "private": "bnVsbA=="
        }
      ]
    },
    {
      "mode": "managed",
      "type": "aws_iam_role_policy_attachment",
      "name": "api_gateway_lambda_policy_attachment",
      "provider": "provider[\"registry.terraform.io/hashicorp/aws\"]",
      "instances": [
        {
          "schema_version": 0,
          "attributes": {
            "id": "basic-item-crud-dev-api-gateway-role-20251006023715108700000005",
            "policy_arn": "arn:aws:iam::184655271045:policy/basic-item-crud-dev-api-gateway-lambda-policy",
            "role": "basic-item-crud-dev-api-gateway-role"
          },
          "sensitive_attributes": [],
          "private": "bnVsbA==",
          "dependencies": [
            "aws_dynamodb_table.items",
            "aws_dynamodb_table.users",
            "aws_ecr_repository.main",
            "aws_iam_policy.api_gateway_lambda_policy",
            "aws_iam_policy.lambda_basic_execution_policy",
            "aws_iam_policy.lambda_dynamodb_policy",
            "aws_iam_role.api_gateway_role",
            "aws_iam_role.lambda_role",
            "aws_iam_role_policy_attachment.lambda_basic_execution_policy_attachment",
            "aws_iam_role_policy_attachment.lambda_dynamodb_policy_attachment",
            "aws_lambda_function.main"
          ]
        }
      ]
    },
    {
      "mode": "managed",
      "type": "aws_iam_role_policy_attachment",
      "name": "cloudfront_s3_policy_attachment",
      "provider": "provider[\"registry.terraform.io/hashicorp/aws\"]",
      "instances": [
        {
          "schema_version": 0,
          "attributes": {
            "id": "basic-item-crud-dev-cloudfront-s3-role-20251006023640139100000003",
            "policy_arn": "arn:aws:iam::184655271045:policy/basic-item-crud-dev-cloudfront-s3-policy",
            "role": "basic-item-crud-dev-cloudfront-s3-role"
          },
          "sensitive_attributes": [],
          "private": "bnVsbA==",
          "dependencies": [
            "aws_iam_policy.cloudfront_s3_policy",
            "aws_iam_role.cloudfront_s3_role",
            "aws_s3_bucket.frontend",
            "random_string.bucket_suffix"
          ]
        }
      ]
    },
    {
      "mode": "managed",
      "type": "aws_iam_role_policy_attachment",
      "name": "deployment_policy_attachment",
      "provider": "provider[\"registry.terraform.io/hashicorp/aws\"]",
      "instances": [
        {
          "schema_version": 0,
          "attributes": {
            "id": "basic-item-crud-dev-deployment-role-20251006024014835600000006",
            "policy_arn": "arn:aws:iam::184655271045:policy/basic-item-crud-dev-deployment-policy",
            "role": "basic-item-crud-dev-deployment-role"
          },
          "sensitive_attributes": [],
          "private": "bnVsbA==",
          "dependencies": [
            "aws_api_gateway_rest_api.main",
            "aws_cloudfront_distribution.frontend",
            "aws_cloudfront_origin_access_control.frontend",
            "aws_iam_policy.deployment_policy",
            "aws_iam_role.deployment_role",
            "aws_s3_bucket.frontend",
            "data.aws_caller_identity.current",
            "random_string.bucket_suffix"
          ]
        }
      ]
    },
    {
      "mode": "managed",
      "type": "aws_iam_role_policy_attachment",
      "name": "lambda_basic_execution_policy_attachment",
      "provider": "provider[\"registry.terraform.io/hashicorp/aws\"]",
      "instances": [
        {
          "schema_version": 0,
          "attributes": {
            "id": "basic-item-crud-dev-lambda-role-20251006023637664300000001",
            "policy_arn": "arn:aws:iam::184655271045:policy/basic-item-crud-dev-lambda-basic-execution-policy",
            "role": "basic-item-crud-dev-lambda-role"
          },
          "sensitive_attributes": [],
          "private": "bnVsbA==",
          "dependencies": [
            "aws_iam_policy.lambda_basic_execution_policy",
            "aws_iam_role.lambda_role"
          ]
        }
      ]
    },
    {
      "mode": "managed",
      "type": "aws_iam_role_policy_attachment",
      "name": "lambda_dynamodb_policy_attachment",
      "provider": "provider[\"registry.terraform.io/hashicorp/aws\"]",
      "instances": [
        {
          "schema_version": 0,
          "attributes": {
            "id": "basic-item-crud-dev-lambda-role-20251006023703789300000004",
            "policy_arn": "arn:aws:iam::184655271045:policy/basic-item-crud-dev-lambda-dynamodb-policy",
            "role": "basic-item-crud-dev-lambda-role"
          },
          "sensitive_attributes": [],
          "private": "bnVsbA==",
          "dependencies": [
            "aws_dynamodb_table.items",
            "aws_dynamodb_table.users",
            "aws_iam_policy.lambda_dynamodb_policy",
            "aws_iam_role.lambda_role"
          ]
        }
      ]
    },
    {
      "mode": "managed",
      "type": "aws_lambda_function",
      "name": "main",
      "provider": "provider[\"registry.terraform.io/hashicorp/aws\"]",
      "instances": [
        {
          "schema_version": 0,
          "attributes": {
            "architectures": [
              "x86_64"
            ],
            "arn": "arn:aws:lambda:us-east-2:184655271045:function:basic-item-crud-dev",
            "code_sha256": "d4f3ba3d3ff2ff325aa9637b4e38bc21be526eec54c82215de71bb075d3b2b45",
            "code_signing_config_arn": "",
            "dead_letter_config": [],
            "description": "",
            "environment": [
              {
                "variables": {
                  "ITEMS_TABLE": "basic-item-crud-dev-items",
                  "REGION": "us-east-2",
                  "USERS_TABLE": "basic-item-crud-dev-users"
                }
              }
            ],
            "ephemeral_storage": [
              {
                "size": 512
              }
            ],
            "file_system_config": [],
            "filename": null,
            "function_name": "basic-item-crud-dev",
            "handler": "",
            "id": "basic-item-crud-dev",
            "image_config": [],
            "image_uri": "184655271045.dkr.ecr.us-east-2.amazonaws.com/basic-item-crud-dev:latest",
            "invoke_arn": "arn:aws:apigateway:us-east-2:lambda:path/2015-03-31/functions/arn:aws:lambda:us-east-2:184655271045:function:basic-item-crud-dev/invocations",
            "kms_key_arn": "",
            "last_modified": "2025-10-06T04:25:20.000+0000",
            "layers": [],
            "logging_config": [
              {
                "application_log_level": "",
                "log_format": "Text",
                "log_group": "/aws/lambda/basic-item-crud-dev",
                "system_log_level": ""
              }
            ],
            "memory_size": 512,
            "package_type": "Image",
            "publish": false,
            "qualified_arn": "arn:aws:lambda:us-east-2:184655271045:function:basic-item-crud-dev:$LATEST",
            "qualified_invoke_arn": "arn:aws:apigateway:us-east-2:lambda:path/2015-03-31/functions/arn:aws:lambda:us-east-2:184655271045:function:basic-item-crud-dev:$LATEST/invocations",
            "replace_security_groups_on_destroy": null,
            "replacement_security_group_ids": null,
            "reserved_concurrent_executions": -1,
            "role": "arn:aws:iam::184655271045:role/basic-item-crud-dev-lambda-role",
            "runtime": "",
            "s3_bucket": null,
            "s3_key": null,
            "s3_object_version": null,
            "signing_job_arn": "",
            "signing_profile_version_arn": "",
            "skip_destroy": false,
            "snap_start": [],
            "source_code_hash": "",
            "source_code_size": 0,
            "tags": {
              "Environment": "dev",
              "ManagedBy": "terraform",
              "Owner": "your-name",
              "Project": "Basic Item CRUD"
            },
            "tags_all": {
              "Environment": "dev",
              "ManagedBy": "terraform",
              "Owner": "your-name",
              "Project": "Basic Item CRUD"
            },
            "timeout": 30,
            "timeouts": null,
            "tracing_config": [
              {
                "mode": "PassThrough"
              }
            ],
            "version": "$LATEST",
            "vpc_config": []
          },
          "sensitive_attributes": [],
          "private": "eyJlMmJmYjczMC1lY2FhLTExZTYtOGY4OC0zNDM2M2JjN2M0YzAiOnsiY3JlYXRlIjo2MDAwMDAwMDAwMDAsImRlbGV0ZSI6NjAwMDAwMDAwMDAwLCJ1cGRhdGUiOjYwMDAwMDAwMDAwMH19",
          "dependencies": [
            "aws_dynamodb_table.items",
            "aws_dynamodb_table.users",
            "aws_ecr_repository.main",
            "aws_iam_policy.lambda_basic_execution_policy",
            "aws_iam_policy.lambda_dynamodb_policy",
            "aws_iam_role.lambda_role",
            "aws_iam_role_policy_attachment.lambda_basic_execution_policy_attachment",
            "aws_iam_role_policy_attachment.lambda_dynamodb_policy_attachment"
          ]
        }
      ]
    },
    {
      "mode": "managed",
      "type": "aws_lambda_function_url",
      "name": "main",
      "provider": "provider[\"registry.terraform.io/hashicorp/aws\"]",
      "instances": [
        {
          "schema_version": 0,
          "attributes": {
            "authorization_type": "NONE",
            "cors": [
              {
                "allow_credentials": false,
                "allow_headers": [
                  "Authorization",
                  "Content-Type",
                  "date",
                  "keep-alive"
                ],
                "allow_methods": [
                  "*"
                ],
                "allow_origins": [
                  "http://localhost:5500",
                  "https://d19njcc0e7y07z.cloudfront.net"
                ],
                "expose_headers": [
                  "date",
                  "keep-alive"
                ],
                "max_age": 86400
              }
            ],
            "function_arn": "arn:aws:lambda:us-east-2:184655271045:function:basic-item-crud-dev",
            "function_name": "basic-item-crud-dev",
            "function_url": "https://ipjwt4ymladdou2j463jdxgjqu0ingfr.lambda-url.us-east-2.on.aws/",
            "id": "basic-item-crud-dev",
            "invoke_mode": "BUFFERED",
            "qualifier": "",
            "timeouts": null,
            "url_id": "ipjwt4ymladdou2j463jdxgjqu0ingfr"
          },
          "sensitive_attributes": [],
          "private": "eyJlMmJmYjczMC1lY2FhLTExZTYtOGY4OC0zNDM2M2JjN2M0YzAiOnsiY3JlYXRlIjo2MDAwMDAwMDAwMDB9fQ==",
          "dependencies": [
            "aws_api_gateway_rest_api.main",
            "aws_cloudfront_distribution.frontend",
            "aws_cloudfront_origin_access_control.frontend",
            "aws_dynamodb_table.items",
            "aws_dynamodb_table.users",
            "aws_ecr_repository.main",
            "aws_iam_policy.lambda_basic_execution_policy",
            "aws_iam_policy.lambda_dynamodb_policy",
            "aws_iam_role.lambda_role",
            "aws_iam_role_policy_attachment.lambda_basic_execution_policy_attachment",
            "aws_iam_role_policy_attachment.lambda_dynamodb_policy_attachment",
            "aws_lambda_function.main",
            "aws_s3_bucket.frontend",
            "random_string.bucket_suffix"
          ]
        }
      ]
    },
    {
      "mode": "managed",
      "type": "aws_lambda_permission",
      "name": "api_gateway",
      "provider": "provider[\"registry.terraform.io/hashicorp/aws\"]",
      "instances": [
        {
          "schema_version": 0,
          "attributes": {
            "action": "lambda:InvokeFunction",
            "event_source_token": null,
            "function_name": "basic-item-crud-dev",
            "function_url_auth_type": null,
            "id": "AllowExecutionFromAPIGateway",
            "principal": "apigateway.amazonaws.com",
            "principal_org_id": null,
            "qualifier": "",
            "source_account": null,
            "source_arn": "arn:aws:execute-api:us-east-2:184655271045:oh98k36n3d/*/*",
            "statement_id": "AllowExecutionFromAPIGateway",
            "statement_id_prefix": ""
          },
          "sensitive_attributes": [],
          "private": "bnVsbA==",
          "dependencies": [
            "aws_api_gateway_rest_api.main",
            "aws_dynamodb_table.items",
            "aws_dynamodb_table.users",
            "aws_ecr_repository.main",
            "aws_iam_policy.lambda_basic_execution_policy",
            "aws_iam_policy.lambda_dynamodb_policy",
            "aws_iam_role.lambda_role",
            "aws_iam_role_policy_attachment.lambda_basic_execution_policy_attachment",
            "aws_iam_role_policy_attachment.lambda_dynamodb_policy_attachment",
            "aws_lambda_function.main"
          ]
        }
      ]
    },
    {
      "mode": "managed",
      "type": "aws_s3_bucket",
      "name": "frontend",
      "provider": "provider[\"registry.terraform.io/hashicorp/aws\"]",
      "instances": [
        {
          "schema_version": 0,
          "attributes": {
            "acceleration_status": "",
            "acl": null,
            "arn": "arn:aws:s3:::basic-item-crud-dev-frontend-mpzlwc33",
            "bucket": "basic-item-crud-dev-frontend-mpzlwc33",
            "bucket_domain_name": "basic-item-crud-dev-frontend-mpzlwc33.s3.amazonaws.com",
            "bucket_prefix": "",
            "bucket_regional_domain_name": "basic-item-crud-dev-frontend-mpzlwc33.s3.us-east-2.amazonaws.com",
            "cors_rule": [
              {
                "allowed_headers": [
                  "*"
                ],
                "allowed_methods": [
                  "GET",
                  "HEAD"
                ],
                "allowed_origins": [
                  "*"
                ],
                "expose_headers": [
                  "ETag"
                ],
                "max_age_seconds": 3000
              }
            ],
            "force_destroy": false,
            "grant": [
              {
                "id": "91529a58edb265772dc7934c833ae2a5e0dd04e9145ac8f04ac8a5959ccfefa3",
                "permissions": [
                  "FULL_CONTROL"
                ],
                "type": "CanonicalUser",
                "uri": ""
              }
            ],
            "hosted_zone_id": "Z2O1EMRO9K5GLX",
            "id": "basic-item-crud-dev-frontend-mpzlwc33",
            "lifecycle_rule": [
              {
                "abort_incomplete_multipart_upload_days": 0,
                "enabled": true,
                "expiration": [],
                "id": "delete_old_versions",
                "noncurrent_version_expiration": [
                  {
                    "days": 30
                  }
                ],
                "noncurrent_version_transition": [],
                "prefix": "",
                "tags": {},
                "transition": []
              }
            ],
            "logging": [],
            "object_lock_configuration": [],
            "object_lock_enabled": false,
            "policy": "{\"Statement\":[{\"Action\":\"s3:GetObject\",\"Condition\":{\"StringEquals\":{\"AWS:SourceArn\":\"arn:aws:cloudfront::184655271045:distribution/E1OEZIEA16UJHQ\"}},\"Effect\":\"Allow\",\"Principal\":{\"Service\":\"cloudfront.amazonaws.com\"},\"Resource\":\"arn:aws:s3:::basic-item-crud-dev-frontend-mpzlwc33/*\",\"Sid\":\"AllowCloudFrontServicePrincipal\"}],\"Version\":\"2012-10-17\"}",
            "region": "us-east-2",
            "replication_configuration": [],
            "request_payer": "BucketOwner",
            "server_side_encryption_configuration": [
              {
                "rule": [
                  {
                    "apply_server_side_encryption_by_default": [
                      {
                        "kms_master_key_id": "",
                        "sse_algorithm": "AES256"
                      }
                    ],
                    "bucket_key_enabled": false
                  }
                ]
              }
            ],
            "tags": {
              "Environment": "dev",
              "ManagedBy": "terraform",
              "Owner": "your-name",
              "Project": "Basic Item CRUD"
            },
            "tags_all": {
              "Environment": "dev",
              "ManagedBy": "terraform",
              "Owner": "your-name",
              "Project": "Basic Item CRUD"
            },
            "timeouts": null,
            "versioning": [
              {
                "enabled": true,
                "mfa_delete": false
              }
            ],
            "website": [
              {
                "error_document": "index.html",
                "index_document": "index.html",
                "redirect_all_requests_to": "",
                "routing_rules": ""
              }
            ],
            "website_domain": "s3-website.us-east-2.amazonaws.com",
            "website_endpoint": "basic-item-crud-dev-frontend-mpzlwc33.s3-website.us-east-2.amazonaws.com"
          },
          "sensitive_attributes": [],
          "private": "eyJlMmJmYjczMC1lY2FhLTExZTYtOGY4OC0zNDM2M2JjN2M0YzAiOnsiY3JlYXRlIjoxMjAwMDAwMDAwMDAwLCJkZWxldGUiOjM2MDAwMDAwMDAwMDAsInJlYWQiOjEyMDAwMDAwMDAwMDAsInVwZGF0ZSI6MTIwMDAwMDAwMDAwMH19",
          "dependencies": [
            "random_string.bucket_suffix"
          ]
        }
      ]
    },
    {
      "mode": "managed",
      "type": "aws_s3_bucket_cors_configuration",
      "name": "frontend",
      "provider": "provider[\"registry.terraform.io/hashicorp/aws\"]",
      "instances": [
        {
          "schema_version": 0,
          "attributes": {
            "bucket": "basic-item-crud-dev-frontend-mpzlwc33",
            "cors_rule": [
              {
                "allowed_headers": [
                  "*"
                ],
                "allowed_methods": [
                  "GET",
                  "HEAD"
                ],
                "allowed_origins": [
                  "*"
                ],
                "expose_headers": [
                  "ETag"
                ],
                "id": "",
                "max_age_seconds": 3000
              }
            ],
            "expected_bucket_owner": "",
            "id": "basic-item-crud-dev-frontend-mpzlwc33"
          },
          "sensitive_attributes": [],
          "private": "bnVsbA==",
          "dependencies": [
            "aws_s3_bucket.frontend",
            "random_string.bucket_suffix"
          ]
        }
      ]
    },
    {
      "mode": "managed",
      "type": "aws_s3_bucket_lifecycle_configuration",
      "name": "frontend",
      "provider": "provider[\"registry.terraform.io/hashicorp/aws\"]",
      "instances": [
        {
          "schema_version": 1,
          "attributes": {
            "bucket": "basic-item-crud-dev-frontend-mpzlwc33",
            "expected_bucket_owner": "",
            "id": "basic-item-crud-dev-frontend-mpzlwc33",
            "rule": [
              {
                "abort_incomplete_multipart_upload": [],
                "expiration": [],
                "filter": [],
                "id": "delete_old_versions",
                "noncurrent_version_expiration": [
                  {
                    "newer_noncurrent_versions": null,
                    "noncurrent_days": 30
                  }
                ],
                "noncurrent_version_transition": [],
                "prefix": "",
                "status": "Enabled",
                "transition": []
              }
            ],
            "timeouts": null,
            "transition_default_minimum_object_size": "all_storage_classes_128K"
          },
          "sensitive_attributes": [],
          "dependencies": [
            "aws_s3_bucket.frontend",
            "random_string.bucket_suffix"
          ]
        }
      ]
    },
    {
      "mode": "managed",
      "type": "aws_s3_bucket_policy",
      "name": "frontend",
      "provider": "provider[\"registry.terraform.io/hashicorp/aws\"]",
      "instances": [
        {
          "schema_version": 0,
          "attributes": {
            "bucket": "basic-item-crud-dev-frontend-mpzlwc33",
            "id": "basic-item-crud-dev-frontend-mpzlwc33",
            "policy": "{\"Statement\":[{\"Action\":\"s3:GetObject\",\"Condition\":{\"StringEquals\":{\"AWS:SourceArn\":\"arn:aws:cloudfront::184655271045:distribution/E1OEZIEA16UJHQ\"}},\"Effect\":\"Allow\",\"Principal\":{\"Service\":\"cloudfront.amazonaws.com\"},\"Resource\":\"arn:aws:s3:::basic-item-crud-dev-frontend-mpzlwc33/*\",\"Sid\":\"AllowCloudFrontServicePrincipal\"}],\"Version\":\"2012-10-17\"}"
          },
          "sensitive_attributes": [],
          "private": "bnVsbA==",
          "dependencies": [
            "aws_api_gateway_rest_api.main",
            "aws_cloudfront_distribution.frontend",
            "aws_cloudfront_origin_access_control.frontend",
            "aws_s3_bucket.frontend",
            "random_string.bucket_suffix"
          ]
        }
      ]
    },
    {
      "mode": "managed",
      "type": "aws_s3_bucket_public_access_block",
      "name": "frontend",
      "provider": "provider[\"registry.terraform.io/hashicorp/aws\"]",
      "instances": [
        {
          "schema_version": 0,
          "attributes": {
            "block_public_acls": true,
            "block_public_policy": true,
            "bucket": "basic-item-crud-dev-frontend-mpzlwc33",
            "id": "basic-item-crud-dev-frontend-mpzlwc33",
            "ignore_public_acls": true,
            "restrict_public_buckets": true
          },
          "sensitive_attributes": [],
          "private": "bnVsbA==",
          "dependencies": [
            "aws_s3_bucket.frontend",
            "random_string.bucket_suffix"
          ]
        }
      ]
    },
    {
      "mode": "managed",
      "type": "aws_s3_bucket_server_side_encryption_configuration",
      "name": "frontend",
      "provider": "provider[\"registry.terraform.io/hashicorp/aws\"]",
      "instances": [
        {
          "schema_version": 0,
          "attributes": {
            "bucket": "basic-item-crud-dev-frontend-mpzlwc33",
            "expected_bucket_owner": "",
            "id": "basic-item-crud-dev-frontend-mpzlwc33",
            "rule": [
              {
                "apply_server_side_encryption_by_default": [
                  {
                    "kms_master_key_id": "",
                    "sse_algorithm": "AES256"
                  }
                ],
                "bucket_key_enabled": false
              }
            ]
          },
          "sensitive_attributes": [],
          "private": "bnVsbA==",
          "dependencies": [
            "aws_s3_bucket.frontend",
            "random_string.bucket_suffix"
          ]
        }
      ]
    },
    {
      "mode": "managed",
      "type": "aws_s3_bucket_versioning",
      "name": "frontend",
      "provider": "provider[\"registry.terraform.io/hashicorp/aws\"]",
      "instances": [
        {
          "schema_version": 0,
          "attributes": {
            "bucket": "basic-item-crud-dev-frontend-mpzlwc33",
            "expected_bucket_owner": "",
            "id": "basic-item-crud-dev-frontend-mpzlwc33",
            "mfa": null,
            "versioning_configuration": [
              {
                "mfa_delete": "",
                "status": "Enabled"
              }
            ]
          },
          "sensitive_attributes": [],
          "private": "bnVsbA==",
          "dependencies": [
            "aws_s3_bucket.frontend",
            "random_string.bucket_suffix"
          ]
        }
      ]
    },
    {
      "mode": "managed",
      "type": "aws_s3_bucket_website_configuration",
      "name": "frontend",
      "provider": "provider[\"registry.terraform.io/hashicorp/aws\"]",
      "instances": [
        {
          "schema_version": 0,
          "attributes": {
            "bucket": "basic-item-crud-dev-frontend-mpzlwc33",
            "error_document": [
              {
                "key": "index.html"
              }
            ],
            "expected_bucket_owner": "",
            "id": "basic-item-crud-dev-frontend-mpzlwc33",
            "index_document": [
              {
                "suffix": "index.html"
              }
            ],
            "redirect_all_requests_to": [],
            "routing_rule": [],
            "routing_rules": "",
            "website_domain": "s3-website.us-east-2.amazonaws.com",
            "website_endpoint": "basic-item-crud-dev-frontend-mpzlwc33.s3-website.us-east-2.amazonaws.com"
          },
          "sensitive_attributes": [],
          "private": "bnVsbA==",
          "dependencies": [
            "aws_s3_bucket.frontend",
            "random_string.bucket_suffix"
          ]
        }
      ]
    },
    {
      "mode": "managed",
      "type": "random_string",
      "name": "bucket_suffix",
      "provider": "provider[\"registry.terraform.io/hashicorp/random\"]",
      "instances": [
        {
          "schema_version": 2,
          "attributes": {
            "id": "mpzlwc33",
            "keepers": null,
            "length": 8,
            "lower": true,
            "min_lower": 0,
            "min_numeric": 0,
            "min_special": 0,
            "min_upper": 0,
            "number": true,
            "numeric": true,
            "override_special": null,
            "result": "mpzlwc33",
            "special": false,
            "upper": false
          },
          "sensitive_attributes": []
        }
      ]
    }
  ],
  "check_results": null
}
