{
  "version": 4,
  "terraform_version": "1.10.5",
  "serial": 138,
  "lineage": "585ed8d8-1ec9-c81b-22e9-1f08896d4b70",
  "outputs": {
    "api_gateway_invoke_url": {
      "value": "https://t98hgwh2z0.execute-api.us-east-2.amazonaws.com/dev",
      "type": "string"
    },
    "api_gateway_url": {
      "value": "arn:aws:execute-api:us-east-2:184655271045:t98hgwh2z0",
      "type": "string"
    },
    "docker_build_and_push_commands": {
      "value": "# Get login token\naws ecr get-login-password --region us-east-2 | docker login --username AWS --password-stdin 184655271045.dkr.ecr.us-east-2.amazonaws.com/basic-item-crud-dev\n    \n# Build image\ndocker build -t basic-item-crud-dev .\n    \n# Tag image\ndocker tag basic-item-crud-dev:latest 184655271045.dkr.ecr.us-east-2.amazonaws.com/basic-item-crud-dev:latest\n    \n# Push image\ndocker push 184655271045.dkr.ecr.us-east-2.amazonaws.com/basic-item-crud-dev:latest\n",
      "type": "string"
    },
    "dynamodb_tables": {
      "value": {
        "items": "basic-item-crud-dev-items",
        "users": "basic-item-crud-dev-users"
      },
      "type": [
        "object",
        {
          "items": "string",
          "users": "string"
        }
      ]
    },
    "ecr_repository_url": {
      "value": "184655271045.dkr.ecr.us-east-2.amazonaws.com/basic-item-crud-dev",
      "type": "string"
    },
    "lambda_function_arn": {
      "value": "arn:aws:lambda:us-east-2:184655271045:function:basic-item-crud-dev",
      "type": "string"
    },
    "lambda_function_name": {
      "value": "basic-item-crud-dev",
      "type": "string"
    }
  },
  "resources": [
    {
      "mode": "managed",
      "type": "aws_api_gateway_deployment",
      "name": "main",
      "provider": "provider[\"registry.terraform.io/hashicorp/aws\"]",
      "instances": [
        {
          "schema_version": 0,
          "attributes": {
            "canary_settings": [],
            "created_date": "2025-10-02T22:02:55Z",
            "description": "",
            "execution_arn": "arn:aws:execute-api:us-east-2:184655271045:t98hgwh2z0/dev",
            "id": "ldr8sd",
            "invoke_url": "https://t98hgwh2z0.execute-api.us-east-2.amazonaws.com/dev",
            "rest_api_id": "t98hgwh2z0",
            "stage_description": null,
            "stage_name": "dev",
            "triggers": null,
            "variables": null
          },
          "sensitive_attributes": [],
          "private": "bnVsbA==",
          "dependencies": [
            "aws_api_gateway_integration.lambda",
            "aws_api_gateway_integration.lambda_root",
            "aws_api_gateway_method.proxy",
            "aws_api_gateway_method.root",
            "aws_api_gateway_resource.proxy",
            "aws_api_gateway_rest_api.main",
            "aws_dynamodb_table.items",
            "aws_dynamodb_table.users",
            "aws_ecr_repository.main",
            "aws_iam_policy.lambda_basic_execution_policy",
            "aws_iam_policy.lambda_dynamodb_policy",
            "aws_iam_role.lambda_role",
            "aws_iam_role_policy_attachment.lambda_basic_execution_policy_attachment",
            "aws_iam_role_policy_attachment.lambda_dynamodb_policy_attachment",
            "aws_lambda_function.main"
          ],
          "create_before_destroy": true
        }
      ]
    },
    {
      "mode": "managed",
      "type": "aws_api_gateway_integration",
      "name": "lambda",
      "provider": "provider[\"registry.terraform.io/hashicorp/aws\"]",
      "instances": [
        {
          "schema_version": 0,
          "attributes": {
            "cache_key_parameters": null,
            "cache_namespace": "ugdyiw",
            "connection_id": "",
            "connection_type": "INTERNET",
            "content_handling": "",
            "credentials": "",
            "http_method": "ANY",
            "id": "agi-t98hgwh2z0-ugdyiw-ANY",
            "integration_http_method": "POST",
            "passthrough_behavior": "WHEN_NO_MATCH",
            "request_parameters": null,
            "request_templates": null,
            "resource_id": "ugdyiw",
            "rest_api_id": "t98hgwh2z0",
            "timeout_milliseconds": 29000,
            "tls_config": [],
            "type": "AWS_PROXY",
            "uri": "arn:aws:apigateway:us-east-2:lambda:path/2015-03-31/functions/arn:aws:lambda:us-east-2:184655271045:function:basic-item-crud-dev/invocations"
          },
          "sensitive_attributes": [],
          "private": "bnVsbA==",
          "dependencies": [
            "aws_api_gateway_method.proxy",
            "aws_api_gateway_resource.proxy",
            "aws_api_gateway_rest_api.main",
            "aws_dynamodb_table.items",
            "aws_dynamodb_table.users",
            "aws_ecr_repository.main",
            "aws_iam_policy.lambda_basic_execution_policy",
            "aws_iam_policy.lambda_dynamodb_policy",
            "aws_iam_role.lambda_role",
            "aws_iam_role_policy_attachment.lambda_basic_execution_policy_attachment",
            "aws_iam_role_policy_attachment.lambda_dynamodb_policy_attachment",
            "aws_lambda_function.main"
          ],
          "create_before_destroy": true
        }
      ]
    },
    {
      "mode": "managed",
      "type": "aws_api_gateway_integration",
      "name": "lambda_root",
      "provider": "provider[\"registry.terraform.io/hashicorp/aws\"]",
      "instances": [
        {
          "schema_version": 0,
          "attributes": {
            "cache_key_parameters": null,
            "cache_namespace": "04e4xhqepk",
            "connection_id": "",
            "connection_type": "INTERNET",
            "content_handling": "",
            "credentials": "",
            "http_method": "ANY",
            "id": "agi-t98hgwh2z0-04e4xhqepk-ANY",
            "integration_http_method": "POST",
            "passthrough_behavior": "WHEN_NO_MATCH",
            "request_parameters": null,
            "request_templates": null,
            "resource_id": "04e4xhqepk",
            "rest_api_id": "t98hgwh2z0",
            "timeout_milliseconds": 29000,
            "tls_config": [],
            "type": "AWS_PROXY",
            "uri": "arn:aws:apigateway:us-east-2:lambda:path/2015-03-31/functions/arn:aws:lambda:us-east-2:184655271045:function:basic-item-crud-dev/invocations"
          },
          "sensitive_attributes": [],
          "private": "bnVsbA==",
          "dependencies": [
            "aws_api_gateway_method.root",
            "aws_api_gateway_rest_api.main",
            "aws_dynamodb_table.items",
            "aws_dynamodb_table.users",
            "aws_ecr_repository.main",
            "aws_iam_policy.lambda_basic_execution_policy",
            "aws_iam_policy.lambda_dynamodb_policy",
            "aws_iam_role.lambda_role",
            "aws_iam_role_policy_attachment.lambda_basic_execution_policy_attachment",
            "aws_iam_role_policy_attachment.lambda_dynamodb_policy_attachment",
            "aws_lambda_function.main"
          ],
          "create_before_destroy": true
        }
      ]
    },
    {
      "mode": "managed",
      "type": "aws_api_gateway_method",
      "name": "proxy",
      "provider": "provider[\"registry.terraform.io/hashicorp/aws\"]",
      "instances": [
        {
          "schema_version": 0,
          "attributes": {
            "api_key_required": false,
            "authorization": "NONE",
            "authorization_scopes": null,
            "authorizer_id": null,
            "http_method": "ANY",
            "id": "agm-t98hgwh2z0-ugdyiw-ANY",
            "operation_name": null,
            "request_models": null,
            "request_parameters": null,
            "request_validator_id": null,
            "resource_id": "ugdyiw",
            "rest_api_id": "t98hgwh2z0"
          },
          "sensitive_attributes": [],
          "private": "bnVsbA==",
          "dependencies": [
            "aws_api_gateway_resource.proxy",
            "aws_api_gateway_rest_api.main"
          ],
          "create_before_destroy": true
        }
      ]
    },
    {
      "mode": "managed",
      "type": "aws_api_gateway_method",
      "name": "root",
      "provider": "provider[\"registry.terraform.io/hashicorp/aws\"]",
      "instances": [
        {
          "schema_version": 0,
          "attributes": {
            "api_key_required": false,
            "authorization": "NONE",
            "authorization_scopes": null,
            "authorizer_id": null,
            "http_method": "ANY",
            "id": "agm-t98hgwh2z0-04e4xhqepk-ANY",
            "operation_name": null,
            "request_models": null,
            "request_parameters": null,
            "request_validator_id": null,
            "resource_id": "04e4xhqepk",
            "rest_api_id": "t98hgwh2z0"
          },
          "sensitive_attributes": [],
          "private": "bnVsbA==",
          "dependencies": [
            "aws_api_gateway_rest_api.main"
          ],
          "create_before_destroy": true
        }
      ]
    },
    {
      "mode": "managed",
      "type": "aws_api_gateway_resource",
      "name": "proxy",
      "provider": "provider[\"registry.terraform.io/hashicorp/aws\"]",
      "instances": [
        {
          "schema_version": 0,
          "attributes": {
            "id": "ugdyiw",
            "parent_id": "04e4xhqepk",
            "path": "/{proxy+}",
            "path_part": "{proxy+}",
            "rest_api_id": "t98hgwh2z0"
          },
          "sensitive_attributes": [],
          "private": "bnVsbA==",
          "dependencies": [
            "aws_api_gateway_rest_api.main"
          ],
          "create_before_destroy": true
        }
      ]
    },
    {
      "mode": "managed",
      "type": "aws_api_gateway_rest_api",
      "name": "main",
      "provider": "provider[\"registry.terraform.io/hashicorp/aws\"]",
      "instances": [
        {
          "schema_version": 0,
          "attributes": {
            "api_key_source": "HEADER",
            "arn": "arn:aws:apigateway:us-east-2::/restapis/t98hgwh2z0",
            "binary_media_types": [],
            "body": null,
            "created_date": "2025-10-02T22:02:17Z",
            "description": "API Gateway for basic-item-crud FastAPI application",
            "disable_execute_api_endpoint": false,
            "endpoint_configuration": [
              {
                "ip_address_type": "ipv4",
                "types": [
                  "REGIONAL"
                ],
                "vpc_endpoint_ids": []
              }
            ],
            "execution_arn": "arn:aws:execute-api:us-east-2:184655271045:t98hgwh2z0",
            "fail_on_warnings": null,
            "id": "t98hgwh2z0",
            "minimum_compression_size": "",
            "name": "basic-item-crud-dev-api",
            "parameters": null,
            "policy": "",
            "put_rest_api_mode": null,
            "root_resource_id": "04e4xhqepk",
            "tags": {
              "Environment": "dev",
              "ManagedBy": "terraform",
              "Owner": "your-name",
              "Project": "Basic Item CRUD"
            },
            "tags_all": {
              "Environment": "dev",
              "ManagedBy": "terraform",
              "Owner": "your-name",
              "Project": "Basic Item CRUD"
            }
          },
          "sensitive_attributes": [],
          "private": "bnVsbA==",
          "create_before_destroy": true
        }
      ]
    },
    {
      "mode": "managed",
      "type": "aws_cloudwatch_log_group",
      "name": "api_gateway_access_logs",
      "provider": "provider[\"registry.terraform.io/hashicorp/aws\"]",
      "instances": [
        {
          "schema_version": 0,
          "attributes": {
            "arn": "arn:aws:logs:us-east-2:184655271045:log-group:/aws/apigateway/basic-item-crud-dev-access",
            "id": "/aws/apigateway/basic-item-crud-dev-access",
            "kms_key_id": "",
            "log_group_class": "STANDARD",
            "name": "/aws/apigateway/basic-item-crud-dev-access",
            "name_prefix": "",
            "retention_in_days": 14,
            "skip_destroy": false,
            "tags": {
              "Environment": "dev",
              "ManagedBy": "terraform",
              "Owner": "your-name",
              "Project": "Basic Item CRUD"
            },
            "tags_all": {
              "Environment": "dev",
              "ManagedBy": "terraform",
              "Owner": "your-name",
              "Project": "Basic Item CRUD"
            }
          },
          "sensitive_attributes": [],
          "private": "bnVsbA=="
        }
      ]
    },
    {
      "mode": "managed",
      "type": "aws_cloudwatch_log_group",
      "name": "api_gateway_logs",
      "provider": "provider[\"registry.terraform.io/hashicorp/aws\"]",
      "instances": [
        {
          "schema_version": 0,
          "attributes": {
            "arn": "arn:aws:logs:us-east-2:184655271045:log-group:/aws/apigateway/basic-item-crud-dev",
            "id": "/aws/apigateway/basic-item-crud-dev",
            "kms_key_id": "",
            "log_group_class": "STANDARD",
            "name": "/aws/apigateway/basic-item-crud-dev",
            "name_prefix": "",
            "retention_in_days": 14,
            "skip_destroy": false,
            "tags": {
              "Environment": "dev",
              "ManagedBy": "terraform",
              "Owner": "your-name",
              "Project": "Basic Item CRUD"
            },
            "tags_all": {
              "Environment": "dev",
              "ManagedBy": "terraform",
              "Owner": "your-name",
              "Project": "Basic Item CRUD"
            }
          },
          "sensitive_attributes": [],
          "private": "bnVsbA=="
        }
      ]
    },
    {
      "mode": "managed",
      "type": "aws_cloudwatch_log_group",
      "name": "lambda_logs",
      "provider": "provider[\"registry.terraform.io/hashicorp/aws\"]",
      "instances": [
        {
          "schema_version": 0,
          "attributes": {
            "arn": "arn:aws:logs:us-east-2:184655271045:log-group:/aws/lambda/basic-item-crud-dev",
            "id": "/aws/lambda/basic-item-crud-dev",
            "kms_key_id": "",
            "log_group_class": "STANDARD",
            "name": "/aws/lambda/basic-item-crud-dev",
            "name_prefix": "",
            "retention_in_days": 14,
            "skip_destroy": false,
            "tags": {
              "Environment": "dev",
              "ManagedBy": "terraform",
              "Owner": "your-name",
              "Project": "Basic Item CRUD"
            },
            "tags_all": {
              "Environment": "dev",
              "ManagedBy": "terraform",
              "Owner": "your-name",
              "Project": "Basic Item CRUD"
            }
          },
          "sensitive_attributes": [],
          "private": "bnVsbA==",
          "dependencies": [
            "aws_dynamodb_table.items",
            "aws_dynamodb_table.users",
            "aws_ecr_repository.main",
            "aws_iam_policy.lambda_basic_execution_policy",
            "aws_iam_policy.lambda_dynamodb_policy",
            "aws_iam_role.lambda_role",
            "aws_iam_role_policy_attachment.lambda_basic_execution_policy_attachment",
            "aws_iam_role_policy_attachment.lambda_dynamodb_policy_attachment",
            "aws_lambda_function.main"
          ]
        }
      ]
    },
    {
      "mode": "managed",
      "type": "aws_dynamodb_table",
      "name": "items",
      "provider": "provider[\"registry.terraform.io/hashicorp/aws\"]",
      "instances": [
        {
          "schema_version": 1,
          "attributes": {
            "arn": "arn:aws:dynamodb:us-east-2:184655271045:table/basic-item-crud-dev-items",
            "attribute": [
              {
                "name": "id",
                "type": "S"
              },
              {
                "name": "owner_id",
                "type": "S"
              }
            ],
            "billing_mode": "PAY_PER_REQUEST",
            "deletion_protection_enabled": false,
            "global_secondary_index": [
              {
                "hash_key": "owner_id",
                "name": "owner-id-index",
                "non_key_attributes": [],
                "on_demand_throughput": [],
                "projection_type": "ALL",
                "range_key": "",
                "read_capacity": 0,
                "write_capacity": 0
              }
            ],
            "hash_key": "id",
            "id": "basic-item-crud-dev-items",
            "import_table": [],
            "local_secondary_index": [],
            "name": "basic-item-crud-dev-items",
            "on_demand_throughput": [],
            "point_in_time_recovery": [
              {
                "enabled": true,
                "recovery_period_in_days": 35
              }
            ],
            "range_key": null,
            "read_capacity": 0,
            "replica": [],
            "restore_date_time": null,
            "restore_source_name": null,
            "restore_source_table_arn": null,
            "restore_to_latest_time": null,
            "server_side_encryption": [],
            "stream_arn": "",
            "stream_enabled": false,
            "stream_label": "",
            "stream_view_type": "",
            "table_class": "STANDARD",
            "tags": {
              "Environment": "dev",
              "ManagedBy": "terraform",
              "Name": "basic-item-crud-dev-items",
              "Owner": "your-name",
              "Project": "Basic Item CRUD"
            },
            "tags_all": {
              "Environment": "dev",
              "ManagedBy": "terraform",
              "Name": "basic-item-crud-dev-items",
              "Owner": "your-name",
              "Project": "Basic Item CRUD"
            },
            "timeouts": null,
            "ttl": [
              {
                "attribute_name": "",
                "enabled": false
              }
            ],
            "write_capacity": 0
          },
          "sensitive_attributes": [],
          "private": "eyJlMmJmYjczMC1lY2FhLTExZTYtOGY4OC0zNDM2M2JjN2M0YzAiOnsiY3JlYXRlIjoxODAwMDAwMDAwMDAwLCJkZWxldGUiOjYwMDAwMDAwMDAwMCwidXBkYXRlIjozNjAwMDAwMDAwMDAwfSwic2NoZW1hX3ZlcnNpb24iOiIxIn0=",
          "create_before_destroy": true
        }
      ]
    },
    {
      "mode": "managed",
      "type": "aws_dynamodb_table",
      "name": "users",
      "provider": "provider[\"registry.terraform.io/hashicorp/aws\"]",
      "instances": [
        {
          "schema_version": 1,
          "attributes": {
            "arn": "arn:aws:dynamodb:us-east-2:184655271045:table/basic-item-crud-dev-users",
            "attribute": [
              {
                "name": "id",
                "type": "S"
              },
              {
                "name": "username",
                "type": "S"
              }
            ],
            "billing_mode": "PAY_PER_REQUEST",
            "deletion_protection_enabled": false,
            "global_secondary_index": [
              {
                "hash_key": "username",
                "name": "username-index",
                "non_key_attributes": [],
                "on_demand_throughput": [],
                "projection_type": "ALL",
                "range_key": "",
                "read_capacity": 0,
                "write_capacity": 0
              }
            ],
            "hash_key": "id",
            "id": "basic-item-crud-dev-users",
            "import_table": [],
            "local_secondary_index": [],
            "name": "basic-item-crud-dev-users",
            "on_demand_throughput": [],
            "point_in_time_recovery": [
              {
                "enabled": true,
                "recovery_period_in_days": 35
              }
            ],
            "range_key": null,
            "read_capacity": 0,
            "replica": [],
            "restore_date_time": null,
            "restore_source_name": null,
            "restore_source_table_arn": null,
            "restore_to_latest_time": null,
            "server_side_encryption": [],
            "stream_arn": "",
            "stream_enabled": false,
            "stream_label": "",
            "stream_view_type": "",
            "table_class": "STANDARD",
            "tags": {
              "Environment": "dev",
              "ManagedBy": "terraform",
              "Name": "basic-item-crud-dev-users",
              "Owner": "your-name",
              "Project": "Basic Item CRUD"
            },
            "tags_all": {
              "Environment": "dev",
              "ManagedBy": "terraform",
              "Name": "basic-item-crud-dev-users",
              "Owner": "your-name",
              "Project": "Basic Item CRUD"
            },
            "timeouts": null,
            "ttl": [
              {
                "attribute_name": "",
                "enabled": false
              }
            ],
            "write_capacity": 0
          },
          "sensitive_attributes": [],
          "private": "eyJlMmJmYjczMC1lY2FhLTExZTYtOGY4OC0zNDM2M2JjN2M0YzAiOnsiY3JlYXRlIjoxODAwMDAwMDAwMDAwLCJkZWxldGUiOjYwMDAwMDAwMDAwMCwidXBkYXRlIjozNjAwMDAwMDAwMDAwfSwic2NoZW1hX3ZlcnNpb24iOiIxIn0=",
          "create_before_destroy": true
        }
      ]
    },
    {
      "mode": "managed",
      "type": "aws_ecr_lifecycle_policy",
      "name": "main",
      "provider": "provider[\"registry.terraform.io/hashicorp/aws\"]",
      "instances": [
        {
          "schema_version": 0,
          "attributes": {
            "id": "basic-item-crud-dev",
            "policy": "{\"rules\":[{\"action\":{\"type\":\"expire\"},\"description\":\"Keep last 10 images\",\"rulePriority\":1,\"selection\":{\"countNumber\":10,\"countType\":\"imageCountMoreThan\",\"tagPrefixList\":[\"v\"],\"tagStatus\":\"tagged\"}},{\"action\":{\"type\":\"expire\"},\"description\":\"Delete untagged images older than 1 day\",\"rulePriority\":2,\"selection\":{\"countNumber\":1,\"countType\":\"sinceImagePushed\",\"countUnit\":\"days\",\"tagStatus\":\"untagged\"}}]}",
            "registry_id": "184655271045",
            "repository": "basic-item-crud-dev"
          },
          "sensitive_attributes": [],
          "private": "bnVsbA==",
          "dependencies": [
            "aws_ecr_repository.main"
          ]
        }
      ]
    },
    {
      "mode": "managed",
      "type": "aws_ecr_repository",
      "name": "main",
      "provider": "provider[\"registry.terraform.io/hashicorp/aws\"]",
      "instances": [
        {
          "schema_version": 0,
          "attributes": {
            "arn": "arn:aws:ecr:us-east-2:184655271045:repository/basic-item-crud-dev",
            "encryption_configuration": [
              {
                "encryption_type": "AES256",
                "kms_key": ""
              }
            ],
            "force_delete": null,
            "id": "basic-item-crud-dev",
            "image_scanning_configuration": [
              {
                "scan_on_push": true
              }
            ],
            "image_tag_mutability": "MUTABLE",
            "name": "basic-item-crud-dev",
            "registry_id": "184655271045",
            "repository_url": "184655271045.dkr.ecr.us-east-2.amazonaws.com/basic-item-crud-dev",
            "tags": {
              "Environment": "dev",
              "ManagedBy": "terraform",
              "Owner": "your-name",
              "Project": "Basic Item CRUD"
            },
            "tags_all": {
              "Environment": "dev",
              "ManagedBy": "terraform",
              "Owner": "your-name",
              "Project": "Basic Item CRUD"
            },
            "timeouts": null
          },
          "sensitive_attributes": [],
          "private": "eyJlMmJmYjczMC1lY2FhLTExZTYtOGY4OC0zNDM2M2JjN2M0YzAiOnsiZGVsZXRlIjoxMjAwMDAwMDAwMDAwfX0=",
          "create_before_destroy": true
        }
      ]
    },
    {
      "mode": "managed",
      "type": "aws_iam_policy",
      "name": "api_gateway_lambda_policy",
      "provider": "provider[\"registry.terraform.io/hashicorp/aws\"]",
      "instances": [
        {
          "schema_version": 0,
          "attributes": {
            "arn": "arn:aws:iam::184655271045:policy/basic-item-crud-dev-api-gateway-lambda-policy",
            "attachment_count": 0,
            "description": "Policy for API Gateway to invoke Lambda",
            "id": "arn:aws:iam::184655271045:policy/basic-item-crud-dev-api-gateway-lambda-policy",
            "name": "basic-item-crud-dev-api-gateway-lambda-policy",
            "name_prefix": "",
            "path": "/",
            "policy": "{\"Statement\":[{\"Action\":\"lambda:InvokeFunction\",\"Effect\":\"Allow\",\"Resource\":\"arn:aws:lambda:us-east-2:184655271045:function:basic-item-crud-dev\"}],\"Version\":\"2012-10-17\"}",
            "policy_id": "ANPASV7SP2SCW2ADKZE25",
            "tags": {
              "Environment": "dev",
              "ManagedBy": "terraform",
              "Owner": "your-name",
              "Project": "Basic Item CRUD"
            },
            "tags_all": {
              "Environment": "dev",
              "ManagedBy": "terraform",
              "Owner": "your-name",
              "Project": "Basic Item CRUD"
            }
          },
          "sensitive_attributes": [],
          "private": "bnVsbA==",
          "dependencies": [
            "aws_dynamodb_table.items",
            "aws_dynamodb_table.users",
            "aws_ecr_repository.main",
            "aws_iam_policy.lambda_basic_execution_policy",
            "aws_iam_policy.lambda_dynamodb_policy",
            "aws_iam_role.lambda_role",
            "aws_iam_role_policy_attachment.lambda_basic_execution_policy_attachment",
            "aws_iam_role_policy_attachment.lambda_dynamodb_policy_attachment",
            "aws_lambda_function.main"
          ]
        }
      ]
    },
    {
      "mode": "managed",
      "type": "aws_iam_policy",
      "name": "lambda_basic_execution_policy",
      "provider": "provider[\"registry.terraform.io/hashicorp/aws\"]",
      "instances": [
        {
          "schema_version": 0,
          "attributes": {
            "arn": "arn:aws:iam::184655271045:policy/basic-item-crud-dev-lambda-basic-execution-policy",
            "attachment_count": 0,
            "description": "Basic execution policy for Lambda",
            "id": "arn:aws:iam::184655271045:policy/basic-item-crud-dev-lambda-basic-execution-policy",
            "name": "basic-item-crud-dev-lambda-basic-execution-policy",
            "name_prefix": "",
            "path": "/",
            "policy": "{\"Statement\":[{\"Action\":[\"logs:CreateLogGroup\",\"logs:CreateLogStream\",\"logs:PutLogEvents\"],\"Effect\":\"Allow\",\"Resource\":\"arn:aws:logs:*:*:*\"}],\"Version\":\"2012-10-17\"}",
            "policy_id": "ANPASV7SP2SC22TTA6UUZ",
            "tags": {
              "Environment": "dev",
              "ManagedBy": "terraform",
              "Owner": "your-name",
              "Project": "Basic Item CRUD"
            },
            "tags_all": {
              "Environment": "dev",
              "ManagedBy": "terraform",
              "Owner": "your-name",
              "Project": "Basic Item CRUD"
            }
          },
          "sensitive_attributes": [],
          "private": "bnVsbA==",
          "create_before_destroy": true
        }
      ]
    },
    {
      "mode": "managed",
      "type": "aws_iam_policy",
      "name": "lambda_dynamodb_policy",
      "provider": "provider[\"registry.terraform.io/hashicorp/aws\"]",
      "instances": [
        {
          "schema_version": 0,
          "attributes": {
            "arn": "arn:aws:iam::184655271045:policy/basic-item-crud-dev-lambda-dynamodb-policy",
            "attachment_count": 0,
            "description": "Policy for Lambda to access DynamoDB tables",
            "id": "arn:aws:iam::184655271045:policy/basic-item-crud-dev-lambda-dynamodb-policy",
            "name": "basic-item-crud-dev-lambda-dynamodb-policy",
            "name_prefix": "",
            "path": "/",
            "policy": "{\"Statement\":[{\"Action\":[\"dynamodb:GetItem\",\"dynamodb:PutItem\",\"dynamodb:UpdateItem\",\"dynamodb:DeleteItem\",\"dynamodb:Query\",\"dynamodb:Scan\",\"dynamodb:BatchGetItem\",\"dynamodb:BatchWriteItem\"],\"Effect\":\"Allow\",\"Resource\":[\"arn:aws:dynamodb:us-east-2:184655271045:table/basic-item-crud-dev-users\",\"arn:aws:dynamodb:us-east-2:184655271045:table/basic-item-crud-dev-users/index/*\",\"arn:aws:dynamodb:us-east-2:184655271045:table/basic-item-crud-dev-items\",\"arn:aws:dynamodb:us-east-2:184655271045:table/basic-item-crud-dev-items/index/*\"]}],\"Version\":\"2012-10-17\"}",
            "policy_id": "ANPASV7SP2SCSLQSZJSG7",
            "tags": {
              "Environment": "dev",
              "ManagedBy": "terraform",
              "Owner": "your-name",
              "Project": "Basic Item CRUD"
            },
            "tags_all": {
              "Environment": "dev",
              "ManagedBy": "terraform",
              "Owner": "your-name",
              "Project": "Basic Item CRUD"
            }
          },
          "sensitive_attributes": [],
          "private": "bnVsbA==",
          "dependencies": [
            "aws_dynamodb_table.items",
            "aws_dynamodb_table.users"
          ],
          "create_before_destroy": true
        }
      ]
    },
    {
      "mode": "managed",
      "type": "aws_iam_role",
      "name": "api_gateway_role",
      "provider": "provider[\"registry.terraform.io/hashicorp/aws\"]",
      "instances": [
        {
          "schema_version": 0,
          "attributes": {
            "arn": "arn:aws:iam::184655271045:role/basic-item-crud-dev-api-gateway-role",
            "assume_role_policy": "{\"Statement\":[{\"Action\":\"sts:AssumeRole\",\"Effect\":\"Allow\",\"Principal\":{\"Service\":\"apigateway.amazonaws.com\"}}],\"Version\":\"2012-10-17\"}",
            "create_date": "2025-10-02T22:02:17Z",
            "description": "",
            "force_detach_policies": false,
            "id": "basic-item-crud-dev-api-gateway-role",
            "inline_policy": [],
            "managed_policy_arns": [],
            "max_session_duration": 3600,
            "name": "basic-item-crud-dev-api-gateway-role",
            "name_prefix": "",
            "path": "/",
            "permissions_boundary": "",
            "tags": {
              "Environment": "dev",
              "ManagedBy": "terraform",
              "Owner": "your-name",
              "Project": "Basic Item CRUD"
            },
            "tags_all": {
              "Environment": "dev",
              "ManagedBy": "terraform",
              "Owner": "your-name",
              "Project": "Basic Item CRUD"
            },
            "unique_id": "AROASV7SP2SC4ZNWLHZIR"
          },
          "sensitive_attributes": [],
          "private": "bnVsbA=="
        }
      ]
    },
    {
      "mode": "managed",
      "type": "aws_iam_role",
      "name": "lambda_role",
      "provider": "provider[\"registry.terraform.io/hashicorp/aws\"]",
      "instances": [
        {
          "schema_version": 0,
          "attributes": {
            "arn": "arn:aws:iam::184655271045:role/basic-item-crud-dev-lambda-role",
            "assume_role_policy": "{\"Statement\":[{\"Action\":\"sts:AssumeRole\",\"Effect\":\"Allow\",\"Principal\":{\"Service\":\"lambda.amazonaws.com\"}}],\"Version\":\"2012-10-17\"}",
            "create_date": "2025-10-02T22:02:17Z",
            "description": "",
            "force_detach_policies": false,
            "id": "basic-item-crud-dev-lambda-role",
            "inline_policy": [],
            "managed_policy_arns": [],
            "max_session_duration": 3600,
            "name": "basic-item-crud-dev-lambda-role",
            "name_prefix": "",
            "path": "/",
            "permissions_boundary": "",
            "tags": {
              "Environment": "dev",
              "ManagedBy": "terraform",
              "Owner": "your-name",
              "Project": "Basic Item CRUD"
            },
            "tags_all": {
              "Environment": "dev",
              "ManagedBy": "terraform",
              "Owner": "your-name",
              "Project": "Basic Item CRUD"
            },
            "unique_id": "AROASV7SP2SC6LCRF2H24"
          },
          "sensitive_attributes": [],
          "private": "bnVsbA==",
          "create_before_destroy": true
        }
      ]
    },
    {
      "mode": "managed",
      "type": "aws_iam_role_policy_attachment",
      "name": "api_gateway_lambda_policy_attachment",
      "provider": "provider[\"registry.terraform.io/hashicorp/aws\"]",
      "instances": [
        {
          "schema_version": 0,
          "attributes": {
            "id": "basic-item-crud-dev-api-gateway-role-20251002220254848100000003",
            "policy_arn": "arn:aws:iam::184655271045:policy/basic-item-crud-dev-api-gateway-lambda-policy",
            "role": "basic-item-crud-dev-api-gateway-role"
          },
          "sensitive_attributes": [],
          "private": "bnVsbA==",
          "dependencies": [
            "aws_dynamodb_table.items",
            "aws_dynamodb_table.users",
            "aws_ecr_repository.main",
            "aws_iam_policy.api_gateway_lambda_policy",
            "aws_iam_policy.lambda_basic_execution_policy",
            "aws_iam_policy.lambda_dynamodb_policy",
            "aws_iam_role.api_gateway_role",
            "aws_iam_role.lambda_role",
            "aws_iam_role_policy_attachment.lambda_basic_execution_policy_attachment",
            "aws_iam_role_policy_attachment.lambda_dynamodb_policy_attachment",
            "aws_lambda_function.main"
          ]
        }
      ]
    },
    {
      "mode": "managed",
      "type": "aws_iam_role_policy_attachment",
      "name": "lambda_basic_execution_policy_attachment",
      "provider": "provider[\"registry.terraform.io/hashicorp/aws\"]",
      "instances": [
        {
          "schema_version": 0,
          "attributes": {
            "id": "basic-item-crud-dev-lambda-role-20251002220217973200000001",
            "policy_arn": "arn:aws:iam::184655271045:policy/basic-item-crud-dev-lambda-basic-execution-policy",
            "role": "basic-item-crud-dev-lambda-role"
          },
          "sensitive_attributes": [],
          "private": "bnVsbA==",
          "dependencies": [
            "aws_iam_policy.lambda_basic_execution_policy",
            "aws_iam_role.lambda_role"
          ],
          "create_before_destroy": true
        }
      ]
    },
    {
      "mode": "managed",
      "type": "aws_iam_role_policy_attachment",
      "name": "lambda_dynamodb_policy_attachment",
      "provider": "provider[\"registry.terraform.io/hashicorp/aws\"]",
      "instances": [
        {
          "schema_version": 0,
          "attributes": {
            "id": "basic-item-crud-dev-lambda-role-20251002220243811800000002",
            "policy_arn": "arn:aws:iam::184655271045:policy/basic-item-crud-dev-lambda-dynamodb-policy",
            "role": "basic-item-crud-dev-lambda-role"
          },
          "sensitive_attributes": [],
          "private": "bnVsbA==",
          "dependencies": [
            "aws_dynamodb_table.items",
            "aws_dynamodb_table.users",
            "aws_iam_policy.lambda_dynamodb_policy",
            "aws_iam_role.lambda_role"
          ],
          "create_before_destroy": true
        }
      ]
    },
    {
      "mode": "managed",
      "type": "aws_lambda_function",
      "name": "main",
      "provider": "provider[\"registry.terraform.io/hashicorp/aws\"]",
      "instances": [
        {
          "schema_version": 0,
          "attributes": {
            "architectures": [
              "x86_64"
            ],
            "arn": "arn:aws:lambda:us-east-2:184655271045:function:basic-item-crud-dev",
            "code_sha256": "6105f786696237e02558ba8b7e4af0db642a8968a5bf8452d42657cb41153a75",
            "code_signing_config_arn": "",
            "dead_letter_config": [],
            "description": "",
            "environment": [
              {
                "variables": {
                  "ITEMS_TABLE": "basic-item-crud-dev-items",
                  "REGION": "us-east-2",
                  "USERS_TABLE": "basic-item-crud-dev-users"
                }
              }
            ],
            "ephemeral_storage": [
              {
                "size": 512
              }
            ],
            "file_system_config": [],
            "filename": null,
            "function_name": "basic-item-crud-dev",
            "handler": "",
            "id": "basic-item-crud-dev",
            "image_config": [],
            "image_uri": "184655271045.dkr.ecr.us-east-2.amazonaws.com/basic-item-crud-dev:latest",
            "invoke_arn": "arn:aws:apigateway:us-east-2:lambda:path/2015-03-31/functions/arn:aws:lambda:us-east-2:184655271045:function:basic-item-crud-dev/invocations",
            "kms_key_arn": "",
            "last_modified": "2025-10-02T22:02:44.595+0000",
            "layers": null,
            "logging_config": [
              {
                "application_log_level": "",
                "log_format": "Text",
                "log_group": "/aws/lambda/basic-item-crud-dev",
                "system_log_level": ""
              }
            ],
            "memory_size": 512,
            "package_type": "Image",
            "publish": false,
            "qualified_arn": "arn:aws:lambda:us-east-2:184655271045:function:basic-item-crud-dev:$LATEST",
            "qualified_invoke_arn": "arn:aws:apigateway:us-east-2:lambda:path/2015-03-31/functions/arn:aws:lambda:us-east-2:184655271045:function:basic-item-crud-dev:$LATEST/invocations",
            "replace_security_groups_on_destroy": null,
            "replacement_security_group_ids": null,
            "reserved_concurrent_executions": -1,
            "role": "arn:aws:iam::184655271045:role/basic-item-crud-dev-lambda-role",
            "runtime": "",
            "s3_bucket": null,
            "s3_key": null,
            "s3_object_version": null,
            "signing_job_arn": "",
            "signing_profile_version_arn": "",
            "skip_destroy": false,
            "snap_start": [],
            "source_code_hash": "",
            "source_code_size": 0,
            "tags": {
              "Environment": "dev",
              "ManagedBy": "terraform",
              "Owner": "your-name",
              "Project": "Basic Item CRUD"
            },
            "tags_all": {
              "Environment": "dev",
              "ManagedBy": "terraform",
              "Owner": "your-name",
              "Project": "Basic Item CRUD"
            },
            "timeout": 30,
            "timeouts": null,
            "tracing_config": [
              {
                "mode": "PassThrough"
              }
            ],
            "version": "$LATEST",
            "vpc_config": []
          },
          "sensitive_attributes": [],
          "private": "eyJlMmJmYjczMC1lY2FhLTExZTYtOGY4OC0zNDM2M2JjN2M0YzAiOnsiY3JlYXRlIjo2MDAwMDAwMDAwMDAsImRlbGV0ZSI6NjAwMDAwMDAwMDAwLCJ1cGRhdGUiOjYwMDAwMDAwMDAwMH19",
          "dependencies": [
            "aws_dynamodb_table.items",
            "aws_dynamodb_table.users",
            "aws_ecr_repository.main",
            "aws_iam_policy.lambda_basic_execution_policy",
            "aws_iam_policy.lambda_dynamodb_policy",
            "aws_iam_role.lambda_role",
            "aws_iam_role_policy_attachment.lambda_basic_execution_policy_attachment",
            "aws_iam_role_policy_attachment.lambda_dynamodb_policy_attachment"
          ],
          "create_before_destroy": true
        }
      ]
    },
    {
      "mode": "managed",
      "type": "aws_lambda_function_url",
      "name": "main",
      "provider": "provider[\"registry.terraform.io/hashicorp/aws\"]",
      "instances": [
        {
          "schema_version": 0,
          "attributes": {
            "authorization_type": "NONE",
            "cors": [
              {
                "allow_credentials": false,
                "allow_headers": [
                  "date",
                  "keep-alive"
                ],
                "allow_methods": [
                  "*"
                ],
                "allow_origins": [
                  "http://localhost:5500",
                  "https://your-frontend-domain.com"
                ],
                "expose_headers": [
                  "date",
                  "keep-alive"
                ],
                "max_age": 86400
              }
            ],
            "function_arn": "arn:aws:lambda:us-east-2:184655271045:function:basic-item-crud-dev",
            "function_name": "basic-item-crud-dev",
            "function_url": "https://2c67mu2qms2uyalh4yhfqljoia0bdmcb.lambda-url.us-east-2.on.aws/",
            "id": "basic-item-crud-dev",
            "invoke_mode": "BUFFERED",
            "qualifier": "",
            "timeouts": null,
            "url_id": "2c67mu2qms2uyalh4yhfqljoia0bdmcb"
          },
          "sensitive_attributes": [],
          "private": "eyJlMmJmYjczMC1lY2FhLTExZTYtOGY4OC0zNDM2M2JjN2M0YzAiOnsiY3JlYXRlIjo2MDAwMDAwMDAwMDB9fQ==",
          "dependencies": [
            "aws_dynamodb_table.items",
            "aws_dynamodb_table.users",
            "aws_ecr_repository.main",
            "aws_iam_policy.lambda_basic_execution_policy",
            "aws_iam_policy.lambda_dynamodb_policy",
            "aws_iam_role.lambda_role",
            "aws_iam_role_policy_attachment.lambda_basic_execution_policy_attachment",
            "aws_iam_role_policy_attachment.lambda_dynamodb_policy_attachment",
            "aws_lambda_function.main"
          ]
        }
      ]
    },
    {
      "mode": "managed",
      "type": "aws_lambda_permission",
      "name": "api_gateway",
      "provider": "provider[\"registry.terraform.io/hashicorp/aws\"]",
      "instances": [
        {
          "schema_version": 0,
          "attributes": {
            "action": "lambda:InvokeFunction",
            "event_source_token": null,
            "function_name": "basic-item-crud-dev",
            "function_url_auth_type": null,
            "id": "AllowExecutionFromAPIGateway",
            "principal": "apigateway.amazonaws.com",
            "principal_org_id": null,
            "qualifier": "",
            "source_account": null,
            "source_arn": "arn:aws:execute-api:us-east-2:184655271045:t98hgwh2z0/*/*",
            "statement_id": "AllowExecutionFromAPIGateway",
            "statement_id_prefix": ""
          },
          "sensitive_attributes": [],
          "private": "bnVsbA==",
          "dependencies": [
            "aws_api_gateway_rest_api.main",
            "aws_dynamodb_table.items",
            "aws_dynamodb_table.users",
            "aws_ecr_repository.main",
            "aws_iam_policy.lambda_basic_execution_policy",
            "aws_iam_policy.lambda_dynamodb_policy",
            "aws_iam_role.lambda_role",
            "aws_iam_role_policy_attachment.lambda_basic_execution_policy_attachment",
            "aws_iam_role_policy_attachment.lambda_dynamodb_policy_attachment",
            "aws_lambda_function.main"
          ]
        }
      ]
    }
  ],
  "check_results": null
}
